// !$*UTF8*$!
{
	archiveVersion = 1;
	classes = {
	};
	objectVersion = 56;
	objects = {

/* Begin PBXBuildFile section */
		5002B5C92E2A620100F36A80 /* ExplorePostViewController.swift in Sources */ = {isa = PBXBuildFile; fileRef = 5002B5C82E2A620100F36A80 /* ExplorePostViewController.swift */; };
		5002B5CE2E2A696500F36A80 /* PostTableViewCell.swift in Sources */ = {isa = PBXBuildFile; fileRef = 5002B5CC2E2A696500F36A80 /* PostTableViewCell.swift */; };
		5002B5CF2E2A696500F36A80 /* PostTableViewCell.xib in Resources */ = {isa = PBXBuildFile; fileRef = 5002B5CD2E2A696500F36A80 /* PostTableViewCell.xib */; };
		50037B1F2E2507DD0027149E /* CreateAlertViewController.swift in Sources */ = {isa = PBXBuildFile; fileRef = 50037B1E2E2507DD0027149E /* CreateAlertViewController.swift */; };
		50037B652E250E910027149E /* CreateAlertActionSheetView.xib in Resources */ = {isa = PBXBuildFile; fileRef = 50037B642E250E910027149E /* CreateAlertActionSheetView.xib */; };
		50037B672E250EF60027149E /* CreateAlertActionSheetView.swift in Sources */ = {isa = PBXBuildFile; fileRef = 50037B662E250EF60027149E /* CreateAlertActionSheetView.swift */; };
		5004A5E62E40CC5800C4C208 /* BioViewController.swift in Sources */ = {isa = PBXBuildFile; fileRef = 5004A5E52E40CC5800C4C208 /* BioViewController.swift */; };
		500778A82E4452D400BC5501 /* EmojiPickerViewController.swift in Sources */ = {isa = PBXBuildFile; fileRef = 500778A72E4452D400BC5501 /* EmojiPickerViewController.swift */; };
		500778AA2E44545100BC5501 /* emoji.txt in Resources */ = {isa = PBXBuildFile; fileRef = 500778A92E44544300BC5501 /* emoji.txt */; };
		500AB5F02E433A12003AC0DC /* Share.storyboard in Resources */ = {isa = PBXBuildFile; fileRef = 500AB5EF2E433A12003AC0DC /* Share.storyboard */; };
		500AB5F22E4376F0003AC0DC /* ColorShareView.swift in Sources */ = {isa = PBXBuildFile; fileRef = 500AB5F12E4376F0003AC0DC /* ColorShareView.swift */; };
		500AB5F42E4383CB003AC0DC /* EmojiShareView.swift in Sources */ = {isa = PBXBuildFile; fileRef = 500AB5F32E4383CB003AC0DC /* EmojiShareView.swift */; };
		500AB5F62E4383EF003AC0DC /* SelfieShareView.swift in Sources */ = {isa = PBXBuildFile; fileRef = 500AB5F52E4383EF003AC0DC /* SelfieShareView.swift */; };
		500AB5F82E438402003AC0DC /* ImageShareView.swift in Sources */ = {isa = PBXBuildFile; fileRef = 500AB5F72E438402003AC0DC /* ImageShareView.swift */; };
		501804272E28BDA300BF1AEF /* SearchResultProfileTableViewCell.swift in Sources */ = {isa = PBXBuildFile; fileRef = 501804262E28BDA300BF1AEF /* SearchResultProfileTableViewCell.swift */; };
		5018042C2E28D84C00BF1AEF /* UserProfileManager.swift in Sources */ = {isa = PBXBuildFile; fileRef = 5018042B2E28D84300BF1AEF /* UserProfileManager.swift */; };
		5018042E2E28FC0E00BF1AEF /* SearchResultsViewController.swift in Sources */ = {isa = PBXBuildFile; fileRef = 5018042D2E28FC0E00BF1AEF /* SearchResultsViewController.swift */; };
		501804302E2904EE00BF1AEF /* PrimarySegmentedControl.swift in Sources */ = {isa = PBXBuildFile; fileRef = 5018042F2E2904EE00BF1AEF /* PrimarySegmentedControl.swift */; };
		50211A422E4B6B96000C2164 /* GradientPreset.swift in Sources */ = {isa = PBXBuildFile; fileRef = 50211A412E4B6B96000C2164 /* GradientPreset.swift */; };
		50324E832E26643A00B703C2 /* Like.swift in Sources */ = {isa = PBXBuildFile; fileRef = 50324E822E26642700B703C2 /* Like.swift */; };
		50396D3C2E27A30B000E53B7 /* PostManager.swift in Sources */ = {isa = PBXBuildFile; fileRef = 50396D3A2E27A30B000E53B7 /* PostManager.swift */; };
		50396D3E2E27BC16000E53B7 /* SearchViewController.swift in Sources */ = {isa = PBXBuildFile; fileRef = 50396D3D2E27BC16000E53B7 /* SearchViewController.swift */; };
		503D556B2E4DFC39000876E7 /* Extension+CGPoint.swift in Sources */ = {isa = PBXBuildFile; fileRef = 503D55632E4DFC39000876E7 /* Extension+CGPoint.swift */; };
		503D556C2E4DFC39000876E7 /* CALayer+Extension.swift in Sources */ = {isa = PBXBuildFile; fileRef = 503D55622E4DFC39000876E7 /* CALayer+Extension.swift */; };
		503D556D2E4DFC39000876E7 /* UIViewController+Extension.swift in Sources */ = {isa = PBXBuildFile; fileRef = 503D55692E4DFC39000876E7 /* UIViewController+Extension.swift */; };
		503D556E2E4DFC39000876E7 /* String+Extension.swift in Sources */ = {isa = PBXBuildFile; fileRef = 503D55642E4DFC39000876E7 /* String+Extension.swift */; };
		503D556F2E4DFC39000876E7 /* UIApplication+Extension.swift in Sources */ = {isa = PBXBuildFile; fileRef = 503D55652E4DFC39000876E7 /* UIApplication+Extension.swift */; };
		503D55702E4DFC39000876E7 /* UIView+Extension.swift in Sources */ = {isa = PBXBuildFile; fileRef = 503D55682E4DFC39000876E7 /* UIView+Extension.swift */; };
		503D55712E4DFC39000876E7 /* UIColor+Extension.swift in Sources */ = {isa = PBXBuildFile; fileRef = 503D55662E4DFC39000876E7 /* UIColor+Extension.swift */; };
		503D55722E4DFC39000876E7 /* UIImage+Extension.swift in Sources */ = {isa = PBXBuildFile; fileRef = 503D55672E4DFC39000876E7 /* UIImage+Extension.swift */; };
		504028282E2E203A00F5D4C9 /* Pacifico-Regular.ttf in Resources */ = {isa = PBXBuildFile; fileRef = 504028272E2E203A00F5D4C9 /* Pacifico-Regular.ttf */; };
		5040282B2E2E2C4500F5D4C9 /* HomeViewController.swift in Sources */ = {isa = PBXBuildFile; fileRef = 5040282A2E2E2C4500F5D4C9 /* HomeViewController.swift */; };
		504028312E2E596900F5D4C9 /* RingView.swift in Sources */ = {isa = PBXBuildFile; fileRef = 504028302E2E596900F5D4C9 /* RingView.swift */; };
		504028332E2E66C300F5D4C9 /* AvatarCircleView.swift in Sources */ = {isa = PBXBuildFile; fileRef = 504028322E2E66C300F5D4C9 /* AvatarCircleView.swift */; };
		5040C2082E52EC4B00ED7042 /* UsernameViewController.swift in Sources */ = {isa = PBXBuildFile; fileRef = 5040C2072E52EC4B00ED7042 /* UsernameViewController.swift */; };
		5040C20A2E53267F00ED7042 /* PronounsViewController.swift in Sources */ = {isa = PBXBuildFile; fileRef = 5040C2092E53267F00ED7042 /* PronounsViewController.swift */; };
		5040C20C2E532B3700ED7042 /* PronounsOptionButton.swift in Sources */ = {isa = PBXBuildFile; fileRef = 5040C20B2E532B3700ED7042 /* PronounsOptionButton.swift */; };
		5040C20E2E534A1800ED7042 /* pronouns.txt in Resources */ = {isa = PBXBuildFile; fileRef = 5040C20D2E534A0700ED7042 /* pronouns.txt */; };
		505318502E4CA67D001715D3 /* QRCodeScannerViewController.swift in Sources */ = {isa = PBXBuildFile; fileRef = 5053184F2E4CA67D001715D3 /* QRCodeScannerViewController.swift */; };
		5054FEC82E1B9DD8004395DF /* ImageCollectionViewCell.swift in Sources */ = {isa = PBXBuildFile; fileRef = 5054FEC72E1B9DD8004395DF /* ImageCollectionViewCell.swift */; };
		5054FECA2E1BA817004395DF /* PostViewController.swift in Sources */ = {isa = PBXBuildFile; fileRef = 5054FEC92E1BA817004395DF /* PostViewController.swift */; };
		5054FECC2E1BA825004395DF /* AccountViewController.swift in Sources */ = {isa = PBXBuildFile; fileRef = 5054FECB2E1BA825004395DF /* AccountViewController.swift */; };
		5054FECE2E1BA88C004395DF /* Post.storyboard in Resources */ = {isa = PBXBuildFile; fileRef = 5054FECD2E1BA88C004395DF /* Post.storyboard */; };
		5054FED02E1BA897004395DF /* Account.storyboard in Resources */ = {isa = PBXBuildFile; fileRef = 5054FECF2E1BA897004395DF /* Account.storyboard */; };
		5059EBA42E3347B400AFC960 /* ChatManager.swift in Sources */ = {isa = PBXBuildFile; fileRef = 5059EBA32E3347A100AFC960 /* ChatManager.swift */; };
		5059EBA62E33590C00AFC960 /* ChatDetailViewController.swift in Sources */ = {isa = PBXBuildFile; fileRef = 5059EBA52E33590C00AFC960 /* ChatDetailViewController.swift */; };
		506A46362E3730230073FF87 /* NewChatTableHeaderView.xib in Resources */ = {isa = PBXBuildFile; fileRef = 506A46352E3730230073FF87 /* NewChatTableHeaderView.xib */; };
		506A46382E3738EB0073FF87 /* NewChatTableHeaderView.swift in Sources */ = {isa = PBXBuildFile; fileRef = 506A46372E3738EB0073FF87 /* NewChatTableHeaderView.swift */; };
		506A463B2E3758230073FF87 /* NewChatTableViewCell.xib in Resources */ = {isa = PBXBuildFile; fileRef = 506A463A2E3758230073FF87 /* NewChatTableViewCell.xib */; };
		506A463C2E3758230073FF87 /* NewChatTableViewCell.swift in Sources */ = {isa = PBXBuildFile; fileRef = 506A46392E3758230073FF87 /* NewChatTableViewCell.swift */; };
		506A463E2E376F490073FF87 /* MessageBarView.xib in Resources */ = {isa = PBXBuildFile; fileRef = 506A463D2E376F490073FF87 /* MessageBarView.xib */; };
		507AE8042E3C933900B86D52 /* StoryViewController.swift in Sources */ = {isa = PBXBuildFile; fileRef = 507AE8032E3C933900B86D52 /* StoryViewController.swift */; };
		507AE8062E3CB00300B86D52 /* ScaleTransitionDelegate.swift in Sources */ = {isa = PBXBuildFile; fileRef = 507AE8052E3CB00300B86D52 /* ScaleTransitionDelegate.swift */; };
		508524ED2E30A18E002B9E5C /* ChatsTableHeaderView.xib in Resources */ = {isa = PBXBuildFile; fileRef = 508524EC2E30A18E002B9E5C /* ChatsTableHeaderView.xib */; };
		508524EF2E30A813002B9E5C /* ChatsTableHeaderView.swift in Sources */ = {isa = PBXBuildFile; fileRef = 508524EE2E30A813002B9E5C /* ChatsTableHeaderView.swift */; };
		508524F12E30AC6A002B9E5C /* ChatsListViewController.swift in Sources */ = {isa = PBXBuildFile; fileRef = 508524F02E30AC6A002B9E5C /* ChatsListViewController.swift */; };
		508525012E310C8A002B9E5C /* PushTransitionDelegate.swift in Sources */ = {isa = PBXBuildFile; fileRef = 508525002E310C7D002B9E5C /* PushTransitionDelegate.swift */; };
		508759EB2E1CDD5100ABAEC6 /* Post.swift in Sources */ = {isa = PBXBuildFile; fileRef = 508759EA2E1CDD5100ABAEC6 /* Post.swift */; };
		508759EE2E1CE4F400ABAEC6 /* SDWebImage in Frameworks */ = {isa = PBXBuildFile; productRef = 508759ED2E1CE4F400ABAEC6 /* SDWebImage */; };
		508759F02E1CE4F400ABAEC6 /* SDWebImageMapKit in Frameworks */ = {isa = PBXBuildFile; productRef = 508759EF2E1CE4F400ABAEC6 /* SDWebImageMapKit */; };
		508759F42E1CF3B100ABAEC6 /* Onboarding.storyboard in Resources */ = {isa = PBXBuildFile; fileRef = 508759F32E1CF3B100ABAEC6 /* Onboarding.storyboard */; };
		508759F62E1CF40800ABAEC6 /* OnboardingViewController.swift in Sources */ = {isa = PBXBuildFile; fileRef = 508759F52E1CF40800ABAEC6 /* OnboardingViewController.swift */; };
		508759F82E1D0E7E00ABAEC6 /* SplashViewController.swift in Sources */ = {isa = PBXBuildFile; fileRef = 508759F72E1D0E7E00ABAEC6 /* SplashViewController.swift */; };
		508759FA2E1D0F2700ABAEC6 /* Splash.storyboard in Resources */ = {isa = PBXBuildFile; fileRef = 508759F92E1D0F2700ABAEC6 /* Splash.storyboard */; };
		509977F42E33885700F82E3E /* SlideTransitionDelegate.swift in Sources */ = {isa = PBXBuildFile; fileRef = 509977F32E33884D00F82E3E /* SlideTransitionDelegate.swift */; };
		509977F62E33892600F82E3E /* Chat.storyboard in Resources */ = {isa = PBXBuildFile; fileRef = 509977F52E33892600F82E3E /* Chat.storyboard */; };
		509977F82E33972600F82E3E /* Message.swift in Sources */ = {isa = PBXBuildFile; fileRef = 509977F72E33972100F82E3E /* Message.swift */; };
		509977FA2E33974600F82E3E /* Chat.swift in Sources */ = {isa = PBXBuildFile; fileRef = 509977F92E33974400F82E3E /* Chat.swift */; };
		509977FC2E33A17400F82E3E /* NewChatViewController.swift in Sources */ = {isa = PBXBuildFile; fileRef = 509977FB2E33A17400F82E3E /* NewChatViewController.swift */; };
		50A0169D2E1BB3FE00594A7C /* TabBarController.swift in Sources */ = {isa = PBXBuildFile; fileRef = 50A0169C2E1BB3FE00594A7C /* TabBarController.swift */; };
		50A016E32E1BD17A00594A7C /* UploadImageAndPostViewController.swift in Sources */ = {isa = PBXBuildFile; fileRef = 50A016E22E1BD17A00594A7C /* UploadImageAndPostViewController.swift */; };
		50A016E52E1BD54500594A7C /* PostToUpload.swift in Sources */ = {isa = PBXBuildFile; fileRef = 50A016E42E1BD54500594A7C /* PostToUpload.swift */; };
		50A0172D2E1BFD5E00594A7C /* ImageFileManager.swift in Sources */ = {isa = PBXBuildFile; fileRef = 50A0172C2E1BFD5E00594A7C /* ImageFileManager.swift */; };
		50A5DEEF2E388EE9001C9D6F /* ChatDetailTableViewCell.swift in Sources */ = {isa = PBXBuildFile; fileRef = 50A5DEEC2E388EE9001C9D6F /* ChatDetailTableViewCell.swift */; };
		50ABA2092E1FC78A00E44643 /* ProfileDetailEntryButton.swift in Sources */ = {isa = PBXBuildFile; fileRef = 50ABA2082E1FC78A00E44643 /* ProfileDetailEntryButton.swift */; };
		50B46AAE2E1E447A004CC093 /* UserProfile.swift in Sources */ = {isa = PBXBuildFile; fileRef = 50B46AAD2E1E447A004CC093 /* UserProfile.swift */; };
		50BAB62E2E3090BE006F3AE5 /* NotificationsViewController.swift in Sources */ = {isa = PBXBuildFile; fileRef = 50BAB62D2E3090BE006F3AE5 /* NotificationsViewController.swift */; };
		50BAB6322E309165006F3AE5 /* BackButton.swift in Sources */ = {isa = PBXBuildFile; fileRef = 50BAB6312E309165006F3AE5 /* BackButton.swift */; };
		50BF0F972E251F8C00906BBA /* CreateAlertActionSheetButtton.swift in Sources */ = {isa = PBXBuildFile; fileRef = 50BF0F962E251F8C00906BBA /* CreateAlertActionSheetButtton.swift */; };
		50BF0F992E25213E00906BBA /* Animations.swift in Sources */ = {isa = PBXBuildFile; fileRef = 50BF0F982E25213E00906BBA /* Animations.swift */; };
		50CC29CD2E3B677B007ED579 /* VideoContainerView.swift in Sources */ = {isa = PBXBuildFile; fileRef = 50CC29CC2E3B677B007ED579 /* VideoContainerView.swift */; };
		50CC29CF2E3B727F007ED579 /* LikeManager.swift in Sources */ = {isa = PBXBuildFile; fileRef = 50CC29CE2E3B7279007ED579 /* LikeManager.swift */; };
		50CE41652E3777DB004AA246 /* MessageBarView.swift in Sources */ = {isa = PBXBuildFile; fileRef = 50CE41642E3777DB004AA246 /* MessageBarView.swift */; };
		50D2BF552E45B462003B6D76 /* CoreDataStack.swift in Sources */ = {isa = PBXBuildFile; fileRef = 50D2BF542E45B462003B6D76 /* CoreDataStack.swift */; };
		50D2BF582E45B47B003B6D76 /* SocialNetworkingApp.xcdatamodeld in Sources */ = {isa = PBXBuildFile; fileRef = 50D2BF562E45B47B003B6D76 /* SocialNetworkingApp.xcdatamodeld */; };
		50D2BFE72E45EE5C003B6D76 /* UserProfileEntity+CoreDataClass.swift in Sources */ = {isa = PBXBuildFile; fileRef = 50D2BFE52E45EE5C003B6D76 /* UserProfileEntity+CoreDataClass.swift */; };
		50D2BFE82E45EE5C003B6D76 /* UserProfileEntity+CoreDataProperties.swift in Sources */ = {isa = PBXBuildFile; fileRef = 50D2BFE62E45EE5C003B6D76 /* UserProfileEntity+CoreDataProperties.swift */; };
		50DB56E62E2F43C3008236AE /* StoryCollectionViewCell.swift in Sources */ = {isa = PBXBuildFile; fileRef = 50DB56E32E2F43C3008236AE /* StoryCollectionViewCell.swift */; };
		50DB56E82E2F8909008236AE /* Story.swift in Sources */ = {isa = PBXBuildFile; fileRef = 50DB56E72E2F8904008236AE /* Story.swift */; };
		50DB56EA2E2F8C5D008236AE /* StoryManager.swift in Sources */ = {isa = PBXBuildFile; fileRef = 50DB56E92E2F8C57008236AE /* StoryManager.swift */; };
		50E989AA2E1F85B400C6016C /* GoogleAPIClientForREST_Drive in Frameworks */ = {isa = PBXBuildFile; productRef = 50E989A92E1F85B400C6016C /* GoogleAPIClientForREST_Drive */; };
		50E989AC2E1F8FD500C6016C /* EditProfileViewController.swift in Sources */ = {isa = PBXBuildFile; fileRef = 50E989AB2E1F8FD500C6016C /* EditProfileViewController.swift */; };
		50E9C27E2E2A258D00DE5544 /* ForYouResultsViewController.swift in Sources */ = {isa = PBXBuildFile; fileRef = 50E9C27D2E2A258D00DE5544 /* ForYouResultsViewController.swift */; };
		50E9C2802E2A264A00DE5544 /* AccountsResultsViewController.swift in Sources */ = {isa = PBXBuildFile; fileRef = 50E9C27F2E2A264A00DE5544 /* AccountsResultsViewController.swift */; };
		50E9C2822E2A46B900DE5544 /* Home.storyboard in Resources */ = {isa = PBXBuildFile; fileRef = 50E9C2812E2A46B900DE5544 /* Home.storyboard */; };
		50EB06672E49C294001F5E61 /* SelfieRetakeViewController.swift in Sources */ = {isa = PBXBuildFile; fileRef = 50EB06662E49C294001F5E61 /* SelfieRetakeViewController.swift */; };
		50EB06692E49DAC3001F5E61 /* OvalView.swift in Sources */ = {isa = PBXBuildFile; fileRef = 50EB06682E49DAC3001F5E61 /* OvalView.swift */; };
		50EB066B2E4A16BC001F5E61 /* OptionsViewController.swift in Sources */ = {isa = PBXBuildFile; fileRef = 50EB066A2E4A16BC001F5E61 /* OptionsViewController.swift */; };
		50EB94832E3A18FF005C1B20 /* ChatsListTableViewCell.swift in Sources */ = {isa = PBXBuildFile; fileRef = 50EB94822E3A18FF005C1B20 /* ChatsListTableViewCell.swift */; };
		50EB94852E3A3720005C1B20 /* sample_video.mp4 in Resources */ = {isa = PBXBuildFile; fileRef = 50EB94842E3A3720005C1B20 /* sample_video.mp4 */; };
		50F069A72E41C49D00B6D716 /* HorizontalScrollingTextView.swift in Sources */ = {isa = PBXBuildFile; fileRef = 50F069A62E41C49D00B6D716 /* HorizontalScrollingTextView.swift */; };
		50F069A92E41D7C700B6D716 /* BorderView.swift in Sources */ = {isa = PBXBuildFile; fileRef = 50F069A82E41D7C700B6D716 /* BorderView.swift */; };
		50F069AB2E42128800B6D716 /* ShareViewController.swift in Sources */ = {isa = PBXBuildFile; fileRef = 50F069AA2E42128800B6D716 /* ShareViewController.swift */; };
		50F4067D2E1B81CC00A23A2C /* FirebaseAuth in Frameworks */ = {isa = PBXBuildFile; productRef = 50F4067C2E1B81CC00A23A2C /* FirebaseAuth */; };
		50F4067F2E1B81CC00A23A2C /* FirebaseFirestore in Frameworks */ = {isa = PBXBuildFile; productRef = 50F4067E2E1B81CC00A23A2C /* FirebaseFirestore */; };
		50F406812E1B81CC00A23A2C /* FirebaseStorage in Frameworks */ = {isa = PBXBuildFile; productRef = 50F406802E1B81CC00A23A2C /* FirebaseStorage */; };
		50F406842E1B833B00A23A2C /* GoogleSignIn in Frameworks */ = {isa = PBXBuildFile; productRef = 50F406832E1B833B00A23A2C /* GoogleSignIn */; };
		50F406862E1B833B00A23A2C /* GoogleSignInSwift in Frameworks */ = {isa = PBXBuildFile; productRef = 50F406852E1B833B00A23A2C /* GoogleSignInSwift */; };
		50F406882E1B83D300A23A2C /* GoogleService-Info.plist in Resources */ = {isa = PBXBuildFile; fileRef = 50F406872E1B83D300A23A2C /* GoogleService-Info.plist */; };
		50F4068A2E1B869000A23A2C /* LoginViewController.swift in Sources */ = {isa = PBXBuildFile; fileRef = 50F406892E1B869000A23A2C /* LoginViewController.swift */; };
		50FEA7602E1D251F0041C7BF /* UserProfileToUpload.swift in Sources */ = {isa = PBXBuildFile; fileRef = 50FEA75F2E1D251F0041C7BF /* UserProfileToUpload.swift */; };
		E154F21A2AB1C809000BC44C /* Typography.swift in Sources */ = {isa = PBXBuildFile; fileRef = E154F2192AB1C809000BC44C /* Typography.swift */; };
		E19709B02A84D70900A76B19 /* Poppins-Medium.ttf in Resources */ = {isa = PBXBuildFile; fileRef = E19709AF2A84D70900A76B19 /* Poppins-Medium.ttf */; };
		E19709B22A84D71100A76B19 /* Poppins-Regular.ttf in Resources */ = {isa = PBXBuildFile; fileRef = E19709B12A84D71100A76B19 /* Poppins-Regular.ttf */; };
		E19709B42A84D71800A76B19 /* Poppins-SemiBold.ttf in Resources */ = {isa = PBXBuildFile; fileRef = E19709B32A84D71800A76B19 /* Poppins-SemiBold.ttf */; };
		E19709B62A84D72100A76B19 /* Poppins-Bold.ttf in Resources */ = {isa = PBXBuildFile; fileRef = E19709B52A84D72100A76B19 /* Poppins-Bold.ttf */; };
		E19709B82A84D74200A76B19 /* Poppins-Black.ttf in Resources */ = {isa = PBXBuildFile; fileRef = E19709B72A84D74200A76B19 /* Poppins-Black.ttf */; };
		E1A3671E29F9226100A1B03E /* AppDelegate.swift in Sources */ = {isa = PBXBuildFile; fileRef = E1A3671D29F9226100A1B03E /* AppDelegate.swift */; };
		E1A3672029F9226100A1B03E /* SceneDelegate.swift in Sources */ = {isa = PBXBuildFile; fileRef = E1A3671F29F9226100A1B03E /* SceneDelegate.swift */; };
		E1A3672229F9226100A1B03E /* ExploreViewController.swift in Sources */ = {isa = PBXBuildFile; fileRef = E1A3672129F9226100A1B03E /* ExploreViewController.swift */; };
		E1A3672529F9226100A1B03E /* Main.storyboard in Resources */ = {isa = PBXBuildFile; fileRef = E1A3672329F9226100A1B03E /* Main.storyboard */; };
		E1A3672729F9226300A1B03E /* Assets.xcassets in Resources */ = {isa = PBXBuildFile; fileRef = E1A3672629F9226300A1B03E /* Assets.xcassets */; };
		E1A3672A29F9226300A1B03E /* LaunchScreen.storyboard in Resources */ = {isa = PBXBuildFile; fileRef = E1A3672829F9226300A1B03E /* LaunchScreen.storyboard */; };
		E1A3673229F922E200A1B03E /* Auth.storyboard in Resources */ = {isa = PBXBuildFile; fileRef = E1A3673129F922E200A1B03E /* Auth.storyboard */; };
		E1FDD9142A0A4FB7006AD0DF /* PrimaryButton.swift in Sources */ = {isa = PBXBuildFile; fileRef = E1FDD9132A0A4FB7006AD0DF /* PrimaryButton.swift */; };
		E1FDD9162A0A50D4006AD0DF /* Colors.xcassets in Resources */ = {isa = PBXBuildFile; fileRef = E1FDD9152A0A50D4006AD0DF /* Colors.xcassets */; };
/* End PBXBuildFile section */

/* Begin PBXFileReference section */
		5002B5C82E2A620100F36A80 /* ExplorePostViewController.swift */ = {isa = PBXFileReference; lastKnownFileType = sourcecode.swift; path = ExplorePostViewController.swift; sourceTree = "<group>"; };
		5002B5CC2E2A696500F36A80 /* PostTableViewCell.swift */ = {isa = PBXFileReference; lastKnownFileType = sourcecode.swift; path = PostTableViewCell.swift; sourceTree = "<group>"; };
		5002B5CD2E2A696500F36A80 /* PostTableViewCell.xib */ = {isa = PBXFileReference; lastKnownFileType = file.xib; path = PostTableViewCell.xib; sourceTree = "<group>"; };
		50037B1E2E2507DD0027149E /* CreateAlertViewController.swift */ = {isa = PBXFileReference; lastKnownFileType = sourcecode.swift; path = CreateAlertViewController.swift; sourceTree = "<group>"; };
		50037B642E250E910027149E /* CreateAlertActionSheetView.xib */ = {isa = PBXFileReference; lastKnownFileType = file.xib; path = CreateAlertActionSheetView.xib; sourceTree = "<group>"; };
		50037B662E250EF60027149E /* CreateAlertActionSheetView.swift */ = {isa = PBXFileReference; lastKnownFileType = sourcecode.swift; path = CreateAlertActionSheetView.swift; sourceTree = "<group>"; };
		5004A5E52E40CC5800C4C208 /* BioViewController.swift */ = {isa = PBXFileReference; lastKnownFileType = sourcecode.swift; path = BioViewController.swift; sourceTree = "<group>"; };
		500778A72E4452D400BC5501 /* EmojiPickerViewController.swift */ = {isa = PBXFileReference; lastKnownFileType = sourcecode.swift; path = EmojiPickerViewController.swift; sourceTree = "<group>"; };
		500778A92E44544300BC5501 /* emoji.txt */ = {isa = PBXFileReference; lastKnownFileType = text; path = emoji.txt; sourceTree = "<group>"; };
		500AB5EF2E433A12003AC0DC /* Share.storyboard */ = {isa = PBXFileReference; lastKnownFileType = file.storyboard; path = Share.storyboard; sourceTree = "<group>"; };
		500AB5F12E4376F0003AC0DC /* ColorShareView.swift */ = {isa = PBXFileReference; lastKnownFileType = sourcecode.swift; path = ColorShareView.swift; sourceTree = "<group>"; };
		500AB5F32E4383CB003AC0DC /* EmojiShareView.swift */ = {isa = PBXFileReference; lastKnownFileType = sourcecode.swift; path = EmojiShareView.swift; sourceTree = "<group>"; };
		500AB5F52E4383EF003AC0DC /* SelfieShareView.swift */ = {isa = PBXFileReference; lastKnownFileType = sourcecode.swift; path = SelfieShareView.swift; sourceTree = "<group>"; };
		500AB5F72E438402003AC0DC /* ImageShareView.swift */ = {isa = PBXFileReference; lastKnownFileType = sourcecode.swift; path = ImageShareView.swift; sourceTree = "<group>"; };
		501804262E28BDA300BF1AEF /* SearchResultProfileTableViewCell.swift */ = {isa = PBXFileReference; lastKnownFileType = sourcecode.swift; path = SearchResultProfileTableViewCell.swift; sourceTree = "<group>"; };
		5018042B2E28D84300BF1AEF /* UserProfileManager.swift */ = {isa = PBXFileReference; lastKnownFileType = sourcecode.swift; path = UserProfileManager.swift; sourceTree = "<group>"; };
		5018042D2E28FC0E00BF1AEF /* SearchResultsViewController.swift */ = {isa = PBXFileReference; lastKnownFileType = sourcecode.swift; path = SearchResultsViewController.swift; sourceTree = "<group>"; };
		5018042F2E2904EE00BF1AEF /* PrimarySegmentedControl.swift */ = {isa = PBXFileReference; lastKnownFileType = sourcecode.swift; path = PrimarySegmentedControl.swift; sourceTree = "<group>"; };
		50211A412E4B6B96000C2164 /* GradientPreset.swift */ = {isa = PBXFileReference; lastKnownFileType = sourcecode.swift; path = GradientPreset.swift; sourceTree = "<group>"; };
		50324E822E26642700B703C2 /* Like.swift */ = {isa = PBXFileReference; lastKnownFileType = sourcecode.swift; path = Like.swift; sourceTree = "<group>"; };
		50396D3A2E27A30B000E53B7 /* PostManager.swift */ = {isa = PBXFileReference; lastKnownFileType = sourcecode.swift; path = PostManager.swift; sourceTree = "<group>"; };
		50396D3D2E27BC16000E53B7 /* SearchViewController.swift */ = {isa = PBXFileReference; lastKnownFileType = sourcecode.swift; path = SearchViewController.swift; sourceTree = "<group>"; };
		503D55622E4DFC39000876E7 /* CALayer+Extension.swift */ = {isa = PBXFileReference; lastKnownFileType = sourcecode.swift; path = "CALayer+Extension.swift"; sourceTree = "<group>"; };
		503D55632E4DFC39000876E7 /* Extension+CGPoint.swift */ = {isa = PBXFileReference; lastKnownFileType = sourcecode.swift; path = "Extension+CGPoint.swift"; sourceTree = "<group>"; };
		503D55642E4DFC39000876E7 /* String+Extension.swift */ = {isa = PBXFileReference; lastKnownFileType = sourcecode.swift; path = "String+Extension.swift"; sourceTree = "<group>"; };
		503D55652E4DFC39000876E7 /* UIApplication+Extension.swift */ = {isa = PBXFileReference; lastKnownFileType = sourcecode.swift; path = "UIApplication+Extension.swift"; sourceTree = "<group>"; };
		503D55662E4DFC39000876E7 /* UIColor+Extension.swift */ = {isa = PBXFileReference; lastKnownFileType = sourcecode.swift; path = "UIColor+Extension.swift"; sourceTree = "<group>"; };
		503D55672E4DFC39000876E7 /* UIImage+Extension.swift */ = {isa = PBXFileReference; lastKnownFileType = sourcecode.swift; path = "UIImage+Extension.swift"; sourceTree = "<group>"; };
		503D55682E4DFC39000876E7 /* UIView+Extension.swift */ = {isa = PBXFileReference; lastKnownFileType = sourcecode.swift; path = "UIView+Extension.swift"; sourceTree = "<group>"; };
		503D55692E4DFC39000876E7 /* UIViewController+Extension.swift */ = {isa = PBXFileReference; lastKnownFileType = sourcecode.swift; path = "UIViewController+Extension.swift"; sourceTree = "<group>"; };
		504028272E2E203A00F5D4C9 /* Pacifico-Regular.ttf */ = {isa = PBXFileReference; lastKnownFileType = file; path = "Pacifico-Regular.ttf"; sourceTree = "<group>"; };
		5040282A2E2E2C4500F5D4C9 /* HomeViewController.swift */ = {isa = PBXFileReference; lastKnownFileType = sourcecode.swift; path = HomeViewController.swift; sourceTree = "<group>"; };
		504028302E2E596900F5D4C9 /* RingView.swift */ = {isa = PBXFileReference; lastKnownFileType = sourcecode.swift; path = RingView.swift; sourceTree = "<group>"; };
		504028322E2E66C300F5D4C9 /* AvatarCircleView.swift */ = {isa = PBXFileReference; lastKnownFileType = sourcecode.swift; path = AvatarCircleView.swift; sourceTree = "<group>"; };
		5040C2062E4DF58700ED7042 /* SocialNetworkingApp.app */ = {isa = PBXFileReference; explicitFileType = wrapper.application; includeInIndex = 0; path = SocialNetworkingApp.app; sourceTree = BUILT_PRODUCTS_DIR; };
		5040C2072E52EC4B00ED7042 /* UsernameViewController.swift */ = {isa = PBXFileReference; lastKnownFileType = sourcecode.swift; path = UsernameViewController.swift; sourceTree = "<group>"; };
		5040C2092E53267F00ED7042 /* PronounsViewController.swift */ = {isa = PBXFileReference; lastKnownFileType = sourcecode.swift; path = PronounsViewController.swift; sourceTree = "<group>"; };
		5040C20B2E532B3700ED7042 /* PronounsOptionButton.swift */ = {isa = PBXFileReference; lastKnownFileType = sourcecode.swift; path = PronounsOptionButton.swift; sourceTree = "<group>"; };
		5040C20D2E534A0700ED7042 /* pronouns.txt */ = {isa = PBXFileReference; lastKnownFileType = text; path = pronouns.txt; sourceTree = "<group>"; };
		5053184F2E4CA67D001715D3 /* QRCodeScannerViewController.swift */ = {isa = PBXFileReference; lastKnownFileType = sourcecode.swift; path = QRCodeScannerViewController.swift; sourceTree = "<group>"; };
		5054FEC72E1B9DD8004395DF /* ImageCollectionViewCell.swift */ = {isa = PBXFileReference; lastKnownFileType = sourcecode.swift; path = ImageCollectionViewCell.swift; sourceTree = "<group>"; };
		5054FEC92E1BA817004395DF /* PostViewController.swift */ = {isa = PBXFileReference; lastKnownFileType = sourcecode.swift; path = PostViewController.swift; sourceTree = "<group>"; };
		5054FECB2E1BA825004395DF /* AccountViewController.swift */ = {isa = PBXFileReference; lastKnownFileType = sourcecode.swift; path = AccountViewController.swift; sourceTree = "<group>"; };
		5054FECD2E1BA88C004395DF /* Post.storyboard */ = {isa = PBXFileReference; lastKnownFileType = file.storyboard; path = Post.storyboard; sourceTree = "<group>"; };
		5054FECF2E1BA897004395DF /* Account.storyboard */ = {isa = PBXFileReference; lastKnownFileType = file.storyboard; path = Account.storyboard; sourceTree = "<group>"; };
		5059EBA32E3347A100AFC960 /* ChatManager.swift */ = {isa = PBXFileReference; lastKnownFileType = sourcecode.swift; path = ChatManager.swift; sourceTree = "<group>"; };
		5059EBA52E33590C00AFC960 /* ChatDetailViewController.swift */ = {isa = PBXFileReference; lastKnownFileType = sourcecode.swift; path = ChatDetailViewController.swift; sourceTree = "<group>"; };
		506A46352E3730230073FF87 /* NewChatTableHeaderView.xib */ = {isa = PBXFileReference; lastKnownFileType = file.xib; path = NewChatTableHeaderView.xib; sourceTree = "<group>"; };
		506A46372E3738EB0073FF87 /* NewChatTableHeaderView.swift */ = {isa = PBXFileReference; lastKnownFileType = sourcecode.swift; path = NewChatTableHeaderView.swift; sourceTree = "<group>"; };
		506A46392E3758230073FF87 /* NewChatTableViewCell.swift */ = {isa = PBXFileReference; lastKnownFileType = sourcecode.swift; path = NewChatTableViewCell.swift; sourceTree = "<group>"; };
		506A463A2E3758230073FF87 /* NewChatTableViewCell.xib */ = {isa = PBXFileReference; lastKnownFileType = file.xib; path = NewChatTableViewCell.xib; sourceTree = "<group>"; };
		506A463D2E376F490073FF87 /* MessageBarView.xib */ = {isa = PBXFileReference; lastKnownFileType = file.xib; path = MessageBarView.xib; sourceTree = "<group>"; };
		507AE8032E3C933900B86D52 /* StoryViewController.swift */ = {isa = PBXFileReference; lastKnownFileType = sourcecode.swift; path = StoryViewController.swift; sourceTree = "<group>"; };
		507AE8052E3CB00300B86D52 /* ScaleTransitionDelegate.swift */ = {isa = PBXFileReference; lastKnownFileType = sourcecode.swift; path = ScaleTransitionDelegate.swift; sourceTree = "<group>"; };
		508524EC2E30A18E002B9E5C /* ChatsTableHeaderView.xib */ = {isa = PBXFileReference; lastKnownFileType = file.xib; path = ChatsTableHeaderView.xib; sourceTree = "<group>"; };
		508524EE2E30A813002B9E5C /* ChatsTableHeaderView.swift */ = {isa = PBXFileReference; lastKnownFileType = sourcecode.swift; path = ChatsTableHeaderView.swift; sourceTree = "<group>"; };
		508524F02E30AC6A002B9E5C /* ChatsListViewController.swift */ = {isa = PBXFileReference; lastKnownFileType = sourcecode.swift; path = ChatsListViewController.swift; sourceTree = "<group>"; };
		508525002E310C7D002B9E5C /* PushTransitionDelegate.swift */ = {isa = PBXFileReference; lastKnownFileType = sourcecode.swift; path = PushTransitionDelegate.swift; sourceTree = "<group>"; };
		508759EA2E1CDD5100ABAEC6 /* Post.swift */ = {isa = PBXFileReference; lastKnownFileType = sourcecode.swift; path = Post.swift; sourceTree = "<group>"; };
		508759F32E1CF3B100ABAEC6 /* Onboarding.storyboard */ = {isa = PBXFileReference; lastKnownFileType = file.storyboard; path = Onboarding.storyboard; sourceTree = "<group>"; };
		508759F52E1CF40800ABAEC6 /* OnboardingViewController.swift */ = {isa = PBXFileReference; lastKnownFileType = sourcecode.swift; path = OnboardingViewController.swift; sourceTree = "<group>"; };
		508759F72E1D0E7E00ABAEC6 /* SplashViewController.swift */ = {isa = PBXFileReference; lastKnownFileType = sourcecode.swift; path = SplashViewController.swift; sourceTree = "<group>"; };
		508759F92E1D0F2700ABAEC6 /* Splash.storyboard */ = {isa = PBXFileReference; lastKnownFileType = file.storyboard; path = Splash.storyboard; sourceTree = "<group>"; };
		509977F32E33884D00F82E3E /* SlideTransitionDelegate.swift */ = {isa = PBXFileReference; lastKnownFileType = sourcecode.swift; path = SlideTransitionDelegate.swift; sourceTree = "<group>"; };
		509977F52E33892600F82E3E /* Chat.storyboard */ = {isa = PBXFileReference; lastKnownFileType = file.storyboard; path = Chat.storyboard; sourceTree = "<group>"; };
		509977F72E33972100F82E3E /* Message.swift */ = {isa = PBXFileReference; lastKnownFileType = sourcecode.swift; path = Message.swift; sourceTree = "<group>"; };
		509977F92E33974400F82E3E /* Chat.swift */ = {isa = PBXFileReference; lastKnownFileType = sourcecode.swift; path = Chat.swift; sourceTree = "<group>"; };
		509977FB2E33A17400F82E3E /* NewChatViewController.swift */ = {isa = PBXFileReference; lastKnownFileType = sourcecode.swift; path = NewChatViewController.swift; sourceTree = "<group>"; };
		50A0169C2E1BB3FE00594A7C /* TabBarController.swift */ = {isa = PBXFileReference; lastKnownFileType = sourcecode.swift; path = TabBarController.swift; sourceTree = "<group>"; };
		50A016E22E1BD17A00594A7C /* UploadImageAndPostViewController.swift */ = {isa = PBXFileReference; lastKnownFileType = sourcecode.swift; path = UploadImageAndPostViewController.swift; sourceTree = "<group>"; };
		50A016E42E1BD54500594A7C /* PostToUpload.swift */ = {isa = PBXFileReference; lastKnownFileType = sourcecode.swift; path = PostToUpload.swift; sourceTree = "<group>"; };
		50A0172C2E1BFD5E00594A7C /* ImageFileManager.swift */ = {isa = PBXFileReference; lastKnownFileType = sourcecode.swift; path = ImageFileManager.swift; sourceTree = "<group>"; };
		50A5DEEC2E388EE9001C9D6F /* ChatDetailTableViewCell.swift */ = {isa = PBXFileReference; lastKnownFileType = sourcecode.swift; path = ChatDetailTableViewCell.swift; sourceTree = "<group>"; };
		50ABA2082E1FC78A00E44643 /* ProfileDetailEntryButton.swift */ = {isa = PBXFileReference; lastKnownFileType = sourcecode.swift; path = ProfileDetailEntryButton.swift; sourceTree = "<group>"; };
		50B46AAD2E1E447A004CC093 /* UserProfile.swift */ = {isa = PBXFileReference; lastKnownFileType = sourcecode.swift; path = UserProfile.swift; sourceTree = "<group>"; };
		50BAB62D2E3090BE006F3AE5 /* NotificationsViewController.swift */ = {isa = PBXFileReference; lastKnownFileType = sourcecode.swift; path = NotificationsViewController.swift; sourceTree = "<group>"; };
		50BAB6312E309165006F3AE5 /* BackButton.swift */ = {isa = PBXFileReference; lastKnownFileType = sourcecode.swift; path = BackButton.swift; sourceTree = "<group>"; };
		50BF0F962E251F8C00906BBA /* CreateAlertActionSheetButtton.swift */ = {isa = PBXFileReference; lastKnownFileType = sourcecode.swift; path = CreateAlertActionSheetButtton.swift; sourceTree = "<group>"; };
		50BF0F982E25213E00906BBA /* Animations.swift */ = {isa = PBXFileReference; lastKnownFileType = sourcecode.swift; path = Animations.swift; sourceTree = "<group>"; };
		50CC29CC2E3B677B007ED579 /* VideoContainerView.swift */ = {isa = PBXFileReference; lastKnownFileType = sourcecode.swift; path = VideoContainerView.swift; sourceTree = "<group>"; };
		50CC29CE2E3B7279007ED579 /* LikeManager.swift */ = {isa = PBXFileReference; lastKnownFileType = sourcecode.swift; path = LikeManager.swift; sourceTree = "<group>"; };
		50CE41642E3777DB004AA246 /* MessageBarView.swift */ = {isa = PBXFileReference; lastKnownFileType = sourcecode.swift; path = MessageBarView.swift; sourceTree = "<group>"; };
		50D2BF542E45B462003B6D76 /* CoreDataStack.swift */ = {isa = PBXFileReference; lastKnownFileType = sourcecode.swift; path = CoreDataStack.swift; sourceTree = "<group>"; };
		50D2BF572E45B47B003B6D76 /* SocialNetworkingApp.xcdatamodel */ = {isa = PBXFileReference; lastKnownFileType = wrapper.xcdatamodel; path = SocialNetworkingApp.xcdatamodel; sourceTree = "<group>"; };
		50D2BFE52E45EE5C003B6D76 /* UserProfileEntity+CoreDataClass.swift */ = {isa = PBXFileReference; lastKnownFileType = sourcecode.swift; path = "UserProfileEntity+CoreDataClass.swift"; sourceTree = "<group>"; };
		50D2BFE62E45EE5C003B6D76 /* UserProfileEntity+CoreDataProperties.swift */ = {isa = PBXFileReference; lastKnownFileType = sourcecode.swift; path = "UserProfileEntity+CoreDataProperties.swift"; sourceTree = "<group>"; };
		50DB56E32E2F43C3008236AE /* StoryCollectionViewCell.swift */ = {isa = PBXFileReference; lastKnownFileType = sourcecode.swift; path = StoryCollectionViewCell.swift; sourceTree = "<group>"; };
		50DB56E72E2F8904008236AE /* Story.swift */ = {isa = PBXFileReference; lastKnownFileType = sourcecode.swift; path = Story.swift; sourceTree = "<group>"; };
		50DB56E92E2F8C57008236AE /* StoryManager.swift */ = {isa = PBXFileReference; lastKnownFileType = sourcecode.swift; path = StoryManager.swift; sourceTree = "<group>"; };
		50E989AB2E1F8FD500C6016C /* EditProfileViewController.swift */ = {isa = PBXFileReference; lastKnownFileType = sourcecode.swift; path = EditProfileViewController.swift; sourceTree = "<group>"; };
		50E9C27D2E2A258D00DE5544 /* ForYouResultsViewController.swift */ = {isa = PBXFileReference; lastKnownFileType = sourcecode.swift; path = ForYouResultsViewController.swift; sourceTree = "<group>"; };
		50E9C27F2E2A264A00DE5544 /* AccountsResultsViewController.swift */ = {isa = PBXFileReference; lastKnownFileType = sourcecode.swift; path = AccountsResultsViewController.swift; sourceTree = "<group>"; };
		50E9C2812E2A46B900DE5544 /* Home.storyboard */ = {isa = PBXFileReference; lastKnownFileType = file.storyboard; path = Home.storyboard; sourceTree = "<group>"; };
		50EB06662E49C294001F5E61 /* SelfieRetakeViewController.swift */ = {isa = PBXFileReference; lastKnownFileType = sourcecode.swift; path = SelfieRetakeViewController.swift; sourceTree = "<group>"; };
		50EB06682E49DAC3001F5E61 /* OvalView.swift */ = {isa = PBXFileReference; lastKnownFileType = sourcecode.swift; path = OvalView.swift; sourceTree = "<group>"; };
		50EB066A2E4A16BC001F5E61 /* OptionsViewController.swift */ = {isa = PBXFileReference; lastKnownFileType = sourcecode.swift; path = OptionsViewController.swift; sourceTree = "<group>"; };
		50EB94822E3A18FF005C1B20 /* ChatsListTableViewCell.swift */ = {isa = PBXFileReference; lastKnownFileType = sourcecode.swift; path = ChatsListTableViewCell.swift; sourceTree = "<group>"; };
		50EB94842E3A3720005C1B20 /* sample_video.mp4 */ = {isa = PBXFileReference; lastKnownFileType = file; path = sample_video.mp4; sourceTree = "<group>"; };
		50F069A62E41C49D00B6D716 /* HorizontalScrollingTextView.swift */ = {isa = PBXFileReference; lastKnownFileType = sourcecode.swift; path = HorizontalScrollingTextView.swift; sourceTree = "<group>"; };
		50F069A82E41D7C700B6D716 /* BorderView.swift */ = {isa = PBXFileReference; lastKnownFileType = sourcecode.swift; path = BorderView.swift; sourceTree = "<group>"; };
		50F069AA2E42128800B6D716 /* ShareViewController.swift */ = {isa = PBXFileReference; lastKnownFileType = sourcecode.swift; path = ShareViewController.swift; sourceTree = "<group>"; };
		50F406872E1B83D300A23A2C /* GoogleService-Info.plist */ = {isa = PBXFileReference; lastKnownFileType = text.plist.xml; path = "GoogleService-Info.plist"; sourceTree = "<group>"; };
		50F406892E1B869000A23A2C /* LoginViewController.swift */ = {isa = PBXFileReference; lastKnownFileType = sourcecode.swift; path = LoginViewController.swift; sourceTree = "<group>"; };
		50FEA75F2E1D251F0041C7BF /* UserProfileToUpload.swift */ = {isa = PBXFileReference; lastKnownFileType = sourcecode.swift; path = UserProfileToUpload.swift; sourceTree = "<group>"; };
		E154F2192AB1C809000BC44C /* Typography.swift */ = {isa = PBXFileReference; lastKnownFileType = sourcecode.swift; path = Typography.swift; sourceTree = "<group>"; };
		E19709AF2A84D70900A76B19 /* Poppins-Medium.ttf */ = {isa = PBXFileReference; lastKnownFileType = file; path = "Poppins-Medium.ttf"; sourceTree = "<group>"; };
		E19709B12A84D71100A76B19 /* Poppins-Regular.ttf */ = {isa = PBXFileReference; lastKnownFileType = file; path = "Poppins-Regular.ttf"; sourceTree = "<group>"; };
		E19709B32A84D71800A76B19 /* Poppins-SemiBold.ttf */ = {isa = PBXFileReference; lastKnownFileType = file; path = "Poppins-SemiBold.ttf"; sourceTree = "<group>"; };
		E19709B52A84D72100A76B19 /* Poppins-Bold.ttf */ = {isa = PBXFileReference; lastKnownFileType = file; path = "Poppins-Bold.ttf"; sourceTree = "<group>"; };
		E19709B72A84D74200A76B19 /* Poppins-Black.ttf */ = {isa = PBXFileReference; lastKnownFileType = file; path = "Poppins-Black.ttf"; sourceTree = "<group>"; };
		E1A3671D29F9226100A1B03E /* AppDelegate.swift */ = {isa = PBXFileReference; lastKnownFileType = sourcecode.swift; path = AppDelegate.swift; sourceTree = "<group>"; };
		E1A3671F29F9226100A1B03E /* SceneDelegate.swift */ = {isa = PBXFileReference; lastKnownFileType = sourcecode.swift; path = SceneDelegate.swift; sourceTree = "<group>"; };
		E1A3672129F9226100A1B03E /* ExploreViewController.swift */ = {isa = PBXFileReference; lastKnownFileType = sourcecode.swift; path = ExploreViewController.swift; sourceTree = "<group>"; };
		E1A3672429F9226100A1B03E /* Base */ = {isa = PBXFileReference; lastKnownFileType = file.storyboard; name = Base; path = Base.lproj/Main.storyboard; sourceTree = "<group>"; };
		E1A3672629F9226300A1B03E /* Assets.xcassets */ = {isa = PBXFileReference; lastKnownFileType = folder.assetcatalog; path = Assets.xcassets; sourceTree = "<group>"; };
		E1A3672929F9226300A1B03E /* Base */ = {isa = PBXFileReference; lastKnownFileType = file.storyboard; name = Base; path = Base.lproj/LaunchScreen.storyboard; sourceTree = "<group>"; };
		E1A3672B29F9226300A1B03E /* Info.plist */ = {isa = PBXFileReference; lastKnownFileType = text.plist.xml; path = Info.plist; sourceTree = "<group>"; };
		E1A3673129F922E200A1B03E /* Auth.storyboard */ = {isa = PBXFileReference; lastKnownFileType = file.storyboard; path = Auth.storyboard; sourceTree = "<group>"; };
		E1FDD9132A0A4FB7006AD0DF /* PrimaryButton.swift */ = {isa = PBXFileReference; lastKnownFileType = sourcecode.swift; path = PrimaryButton.swift; sourceTree = "<group>"; };
		E1FDD9152A0A50D4006AD0DF /* Colors.xcassets */ = {isa = PBXFileReference; lastKnownFileType = folder.assetcatalog; path = Colors.xcassets; sourceTree = "<group>"; };
/* End PBXFileReference section */

/* Begin PBXFrameworksBuildPhase section */
		E1A3671729F9226100A1B03E /* Frameworks */ = {
			isa = PBXFrameworksBuildPhase;
			buildActionMask = 2147483647;
			files = (
				50E989AA2E1F85B400C6016C /* GoogleAPIClientForREST_Drive in Frameworks */,
				508759EE2E1CE4F400ABAEC6 /* SDWebImage in Frameworks */,
				50F406862E1B833B00A23A2C /* GoogleSignInSwift in Frameworks */,
				50F4067D2E1B81CC00A23A2C /* FirebaseAuth in Frameworks */,
				50F406842E1B833B00A23A2C /* GoogleSignIn in Frameworks */,
				50F4067F2E1B81CC00A23A2C /* FirebaseFirestore in Frameworks */,
				508759F02E1CE4F400ABAEC6 /* SDWebImageMapKit in Frameworks */,
				50F406812E1B81CC00A23A2C /* FirebaseStorage in Frameworks */,
			);
			runOnlyForDeploymentPostprocessing = 0;
		};
/* End PBXFrameworksBuildPhase section */

/* Begin PBXGroup section */
		5004A5E42E40CC3D00C4C208 /* EditProfile */ = {
			isa = PBXGroup;
			children = (
				50E989AB2E1F8FD500C6016C /* EditProfileViewController.swift */,
				5004A5E52E40CC5800C4C208 /* BioViewController.swift */,
				5040C2072E52EC4B00ED7042 /* UsernameViewController.swift */,
				5040C2092E53267F00ED7042 /* PronounsViewController.swift */,
			);
			path = EditProfile;
			sourceTree = "<group>";
		};
		5004F8B82E28B64000C18E31 /* Account */ = {
			isa = PBXGroup;
			children = (
				500778A62E44526900BC5501 /* ShareProfile */,
				5004A5E42E40CC3D00C4C208 /* EditProfile */,
				5054FECB2E1BA825004395DF /* AccountViewController.swift */,
				50037B1E2E2507DD0027149E /* CreateAlertViewController.swift */,
			);
			path = Account;
			sourceTree = "<group>";
		};
		5004F8B92E28B68300C18E31 /* Explore */ = {
			isa = PBXGroup;
			children = (
				E1A3672129F9226100A1B03E /* ExploreViewController.swift */,
				5002B5C82E2A620100F36A80 /* ExplorePostViewController.swift */,
				50396D3D2E27BC16000E53B7 /* SearchViewController.swift */,
				5018042D2E28FC0E00BF1AEF /* SearchResultsViewController.swift */,
				50E9C27C2E2A256400DE5544 /* SearchResultsChildren */,
			);
			path = Explore;
			sourceTree = "<group>";
		};
		5004F8BA2E28B69800C18E31 /* Post */ = {
			isa = PBXGroup;
			children = (
				5054FEC92E1BA817004395DF /* PostViewController.swift */,
				50A016E22E1BD17A00594A7C /* UploadImageAndPostViewController.swift */,
			);
			path = Post;
			sourceTree = "<group>";
		};
		500778A62E44526900BC5501 /* ShareProfile */ = {
			isa = PBXGroup;
			children = (
				50EB066A2E4A16BC001F5E61 /* OptionsViewController.swift */,
				50F069AA2E42128800B6D716 /* ShareViewController.swift */,
				500778A72E4452D400BC5501 /* EmojiPickerViewController.swift */,
				50EB06662E49C294001F5E61 /* SelfieRetakeViewController.swift */,
				5053184F2E4CA67D001715D3 /* QRCodeScannerViewController.swift */,
			);
			path = ShareProfile;
			sourceTree = "<group>";
		};
		50396D3B2E27A30B000E53B7 /* Managers */ = {
			isa = PBXGroup;
			children = (
				50A0172C2E1BFD5E00594A7C /* ImageFileManager.swift */,
				50CC29CE2E3B7279007ED579 /* LikeManager.swift */,
				5059EBA32E3347A100AFC960 /* ChatManager.swift */,
				50DB56E92E2F8C57008236AE /* StoryManager.swift */,
				5018042B2E28D84300BF1AEF /* UserProfileManager.swift */,
				50396D3A2E27A30B000E53B7 /* PostManager.swift */,
			);
			path = Managers;
			sourceTree = "<group>";
		};
		503D556A2E4DFC39000876E7 /* Extensions */ = {
			isa = PBXGroup;
			children = (
				503D55622E4DFC39000876E7 /* CALayer+Extension.swift */,
				503D55632E4DFC39000876E7 /* Extension+CGPoint.swift */,
				503D55642E4DFC39000876E7 /* String+Extension.swift */,
				503D55652E4DFC39000876E7 /* UIApplication+Extension.swift */,
				503D55662E4DFC39000876E7 /* UIColor+Extension.swift */,
				503D55672E4DFC39000876E7 /* UIImage+Extension.swift */,
				503D55682E4DFC39000876E7 /* UIView+Extension.swift */,
				503D55692E4DFC39000876E7 /* UIViewController+Extension.swift */,
			);
			path = Extensions;
			sourceTree = "<group>";
		};
		504028292E2E2C3100F5D4C9 /* Home */ = {
			isa = PBXGroup;
			children = (
				5040282A2E2E2C4500F5D4C9 /* HomeViewController.swift */,
				50BAB62D2E3090BE006F3AE5 /* NotificationsViewController.swift */,
			);
			path = Home;
			sourceTree = "<group>";
		};
		5053184C2E4C3E5B001715D3 /* Enums */ = {
			isa = PBXGroup;
			children = (
				50211A412E4B6B96000C2164 /* GradientPreset.swift */,
			);
			path = Enums;
			sourceTree = "<group>";
		};
		5054FEC62E1B9D99004395DF /* Views */ = {
			isa = PBXGroup;
			children = (
				E154F2172AB121DF000BC44C /* Components */,
				50A5DEEB2E388DE8001C9D6F /* TableHeaderViews */,
				50A5DEEA2E388DC9001C9D6F /* CollectionViewCells */,
				50A5DEE92E388D8B001C9D6F /* TableViewCells */,
				50037B642E250E910027149E /* CreateAlertActionSheetView.xib */,
				50037B662E250EF60027149E /* CreateAlertActionSheetView.swift */,
				506A463D2E376F490073FF87 /* MessageBarView.xib */,
				50CE41642E3777DB004AA246 /* MessageBarView.swift */,
				50CC29CC2E3B677B007ED579 /* VideoContainerView.swift */,
				500AB5F12E4376F0003AC0DC /* ColorShareView.swift */,
				500AB5F32E4383CB003AC0DC /* EmojiShareView.swift */,
				500AB5F52E4383EF003AC0DC /* SelfieShareView.swift */,
				500AB5F72E438402003AC0DC /* ImageShareView.swift */,
			);
			path = Views;
			sourceTree = "<group>";
		};
		507AE8012E3C930100B86D52 /* Chat */ = {
			isa = PBXGroup;
			children = (
				508524F02E30AC6A002B9E5C /* ChatsListViewController.swift */,
				5059EBA52E33590C00AFC960 /* ChatDetailViewController.swift */,
				509977FB2E33A17400F82E3E /* NewChatViewController.swift */,
			);
			path = Chat;
			sourceTree = "<group>";
		};
		507AE8022E3C931E00B86D52 /* Story */ = {
			isa = PBXGroup;
			children = (
				507AE8032E3C933900B86D52 /* StoryViewController.swift */,
			);
			path = Story;
			sourceTree = "<group>";
		};
		50A5DEE92E388D8B001C9D6F /* TableViewCells */ = {
			isa = PBXGroup;
			children = (
				501804262E28BDA300BF1AEF /* SearchResultProfileTableViewCell.swift */,
				5002B5CC2E2A696500F36A80 /* PostTableViewCell.swift */,
				5002B5CD2E2A696500F36A80 /* PostTableViewCell.xib */,
				506A46392E3758230073FF87 /* NewChatTableViewCell.swift */,
				506A463A2E3758230073FF87 /* NewChatTableViewCell.xib */,
				50A5DEEC2E388EE9001C9D6F /* ChatDetailTableViewCell.swift */,
				50EB94822E3A18FF005C1B20 /* ChatsListTableViewCell.swift */,
			);
			path = TableViewCells;
			sourceTree = "<group>";
		};
		50A5DEEA2E388DC9001C9D6F /* CollectionViewCells */ = {
			isa = PBXGroup;
			children = (
				5054FEC72E1B9DD8004395DF /* ImageCollectionViewCell.swift */,
				50DB56E32E2F43C3008236AE /* StoryCollectionViewCell.swift */,
			);
			path = CollectionViewCells;
			sourceTree = "<group>";
		};
		50A5DEEB2E388DE8001C9D6F /* TableHeaderViews */ = {
			isa = PBXGroup;
			children = (
				508524EC2E30A18E002B9E5C /* ChatsTableHeaderView.xib */,
				508524EE2E30A813002B9E5C /* ChatsTableHeaderView.swift */,
				506A46352E3730230073FF87 /* NewChatTableHeaderView.xib */,
				506A46372E3738EB0073FF87 /* NewChatTableHeaderView.swift */,
			);
			path = TableHeaderViews;
			sourceTree = "<group>";
		};
		50D2BF532E45B443003B6D76 /* CoreData */ = {
			isa = PBXGroup;
			children = (
				50D2BF542E45B462003B6D76 /* CoreDataStack.swift */,
				50D2BFE52E45EE5C003B6D76 /* UserProfileEntity+CoreDataClass.swift */,
				50D2BFE62E45EE5C003B6D76 /* UserProfileEntity+CoreDataProperties.swift */,
				50D2BF562E45B47B003B6D76 /* SocialNetworkingApp.xcdatamodeld */,
			);
			path = CoreData;
			sourceTree = "<group>";
		};
		50E9C27C2E2A256400DE5544 /* SearchResultsChildren */ = {
			isa = PBXGroup;
			children = (
				50E9C27D2E2A258D00DE5544 /* ForYouResultsViewController.swift */,
				50E9C27F2E2A264A00DE5544 /* AccountsResultsViewController.swift */,
			);
			path = SearchResultsChildren;
			sourceTree = "<group>";
		};
		E11960B72A162B4A0037EA8F /* Models */ = {
			isa = PBXGroup;
			children = (
				509977F92E33974400F82E3E /* Chat.swift */,
				509977F72E33972100F82E3E /* Message.swift */,
				50DB56E72E2F8904008236AE /* Story.swift */,
				50324E822E26642700B703C2 /* Like.swift */,
				50A016E42E1BD54500594A7C /* PostToUpload.swift */,
				508759EA2E1CDD5100ABAEC6 /* Post.swift */,
				50FEA75F2E1D251F0041C7BF /* UserProfileToUpload.swift */,
				50B46AAD2E1E447A004CC093 /* UserProfile.swift */,
			);
			path = Models;
			sourceTree = "<group>";
		};
		E154F2162AB1219B000BC44C /* Storyboards */ = {
			isa = PBXGroup;
			children = (
				E1A3673129F922E200A1B03E /* Auth.storyboard */,
				50E9C2812E2A46B900DE5544 /* Home.storyboard */,
				509977F52E33892600F82E3E /* Chat.storyboard */,
				E1A3672329F9226100A1B03E /* Main.storyboard */,
				5054FECD2E1BA88C004395DF /* Post.storyboard */,
				5054FECF2E1BA897004395DF /* Account.storyboard */,
				508759F32E1CF3B100ABAEC6 /* Onboarding.storyboard */,
				508759F92E1D0F2700ABAEC6 /* Splash.storyboard */,
				500AB5EF2E433A12003AC0DC /* Share.storyboard */,
			);
			path = Storyboards;
			sourceTree = "<group>";
		};
		E154F2172AB121DF000BC44C /* Components */ = {
			isa = PBXGroup;
			children = (
				50EB06682E49DAC3001F5E61 /* OvalView.swift */,
				50F069A62E41C49D00B6D716 /* HorizontalScrollingTextView.swift */,
				E1FDD9132A0A4FB7006AD0DF /* PrimaryButton.swift */,
				50ABA2082E1FC78A00E44643 /* ProfileDetailEntryButton.swift */,
				50BF0F962E251F8C00906BBA /* CreateAlertActionSheetButtton.swift */,
				5018042F2E2904EE00BF1AEF /* PrimarySegmentedControl.swift */,
				504028302E2E596900F5D4C9 /* RingView.swift */,
				504028322E2E66C300F5D4C9 /* AvatarCircleView.swift */,
				50BAB6312E309165006F3AE5 /* BackButton.swift */,
				50F069A82E41D7C700B6D716 /* BorderView.swift */,
				5040C20B2E532B3700ED7042 /* PronounsOptionButton.swift */,
			);
			path = Components;
			sourceTree = "<group>";
		};
		E154F2182AB12307000BC44C /* Controllers */ = {
			isa = PBXGroup;
			children = (
				507AE8022E3C931E00B86D52 /* Story */,
				507AE8012E3C930100B86D52 /* Chat */,
				504028292E2E2C3100F5D4C9 /* Home */,
				5004F8BA2E28B69800C18E31 /* Post */,
				5004F8B92E28B68300C18E31 /* Explore */,
				5004F8B82E28B64000C18E31 /* Account */,
				50F406892E1B869000A23A2C /* LoginViewController.swift */,
				50A0169C2E1BB3FE00594A7C /* TabBarController.swift */,
				508759F52E1CF40800ABAEC6 /* OnboardingViewController.swift */,
				508759F72E1D0E7E00ABAEC6 /* SplashViewController.swift */,
			);
			name = Controllers;
			sourceTree = "<group>";
		};
		E154F21D2AB1CCA0000BC44C /* Resources */ = {
			isa = PBXGroup;
			children = (
				5040C20D2E534A0700ED7042 /* pronouns.txt */,
				500778A92E44544300BC5501 /* emoji.txt */,
				50EB94842E3A3720005C1B20 /* sample_video.mp4 */,
				E1FD31402A86E7BB00A4EDF5 /* Fonts */,
			);
			path = Resources;
			sourceTree = "<group>";
		};
		E19709AE2A84D6F300A76B19 /* Utils */ = {
			isa = PBXGroup;
			children = (
				5053184C2E4C3E5B001715D3 /* Enums */,
				50396D3B2E27A30B000E53B7 /* Managers */,
				509977F32E33884D00F82E3E /* SlideTransitionDelegate.swift */,
				508525002E310C7D002B9E5C /* PushTransitionDelegate.swift */,
				507AE8052E3CB00300B86D52 /* ScaleTransitionDelegate.swift */,
				E154F2192AB1C809000BC44C /* Typography.swift */,
				50BF0F982E25213E00906BBA /* Animations.swift */,
			);
			path = Utils;
			sourceTree = "<group>";
		};
		E1A3671129F9226100A1B03E = {
			isa = PBXGroup;
			children = (
				E1A3671C29F9226100A1B03E /* SocialNetworkingApp */,
				E1A3671B29F9226100A1B03E /* Products */,
			);
			sourceTree = "<group>";
		};
		E1A3671B29F9226100A1B03E /* Products */ = {
			isa = PBXGroup;
			children = (
				5040C2062E4DF58700ED7042 /* SocialNetworkingApp.app */,
			);
			name = Products;
			sourceTree = "<group>";
		};
		E1A3671C29F9226100A1B03E /* SocialNetworkingApp */ = {
			isa = PBXGroup;
			children = (
				50D2BF532E45B443003B6D76 /* CoreData */,
				E1A3671D29F9226100A1B03E /* AppDelegate.swift */,
				E1A3671F29F9226100A1B03E /* SceneDelegate.swift */,
				5054FEC62E1B9D99004395DF /* Views */,
				E154F21D2AB1CCA0000BC44C /* Resources */,
				503D556A2E4DFC39000876E7 /* Extensions */,
				E154F2182AB12307000BC44C /* Controllers */,
				E154F2162AB1219B000BC44C /* Storyboards */,
				E19709AE2A84D6F300A76B19 /* Utils */,
				E11960B72A162B4A0037EA8F /* Models */,
				E1A3672629F9226300A1B03E /* Assets.xcassets */,
				E1FDD9152A0A50D4006AD0DF /* Colors.xcassets */,
				E1A3672829F9226300A1B03E /* LaunchScreen.storyboard */,
				E1A3672B29F9226300A1B03E /* Info.plist */,
				50F406872E1B83D300A23A2C /* GoogleService-Info.plist */,
			);
			path = SocialNetworkingApp;
			sourceTree = "<group>";
		};
		E1FD31402A86E7BB00A4EDF5 /* Fonts */ = {
			isa = PBXGroup;
			children = (
				504028272E2E203A00F5D4C9 /* Pacifico-Regular.ttf */,
				E19709B32A84D71800A76B19 /* Poppins-SemiBold.ttf */,
				E19709B12A84D71100A76B19 /* Poppins-Regular.ttf */,
				E19709AF2A84D70900A76B19 /* Poppins-Medium.ttf */,
				E19709B52A84D72100A76B19 /* Poppins-Bold.ttf */,
				E19709B72A84D74200A76B19 /* Poppins-Black.ttf */,
			);
			path = Fonts;
			sourceTree = "<group>";
		};
/* End PBXGroup section */

/* Begin PBXNativeTarget section */
		E1A3671929F9226100A1B03E /* SocialNetworkingApp */ = {
			isa = PBXNativeTarget;
			buildConfigurationList = E1A3672E29F9226300A1B03E /* Build configuration list for PBXNativeTarget "SocialNetworkingApp" */;
			buildPhases = (
				E1A3671629F9226100A1B03E /* Sources */,
				E1A3671729F9226100A1B03E /* Frameworks */,
				E1A3671829F9226100A1B03E /* Resources */,
			);
			buildRules = (
			);
			dependencies = (
			);
			name = SocialNetworkingApp;
			packageProductDependencies = (
				50F4067C2E1B81CC00A23A2C /* FirebaseAuth */,
				50F4067E2E1B81CC00A23A2C /* FirebaseFirestore */,
				50F406802E1B81CC00A23A2C /* FirebaseStorage */,
				50F406832E1B833B00A23A2C /* GoogleSignIn */,
				50F406852E1B833B00A23A2C /* GoogleSignInSwift */,
				508759ED2E1CE4F400ABAEC6 /* SDWebImage */,
				508759EF2E1CE4F400ABAEC6 /* SDWebImageMapKit */,
				50E989A92E1F85B400C6016C /* GoogleAPIClientForREST_Drive */,
			);
			productName = SocialNetworkingApp;
			productReference = 5040C2062E4DF58700ED7042 /* SocialNetworkingApp.app */;
			productType = "com.apple.product-type.application";
		};
/* End PBXNativeTarget section */

/* Begin PBXProject section */
		E1A3671229F9226100A1B03E /* Project object */ = {
			isa = PBXProject;
			attributes = {
				BuildIndependentTargetsInParallel = 1;
				LastSwiftUpdateCheck = 1420;
				LastUpgradeCheck = 1630;
				TargetAttributes = {
					E1A3671929F9226100A1B03E = {
						CreatedOnToolsVersion = 14.2;
					};
				};
			};
			buildConfigurationList = E1A3671529F9226100A1B03E /* Build configuration list for PBXProject "SocialNetworkingApp" */;
			compatibilityVersion = "Xcode 14.0";
			developmentRegion = en;
			hasScannedForEncodings = 0;
			knownRegions = (
				en,
				Base,
			);
			mainGroup = E1A3671129F9226100A1B03E;
			packageReferences = (
				50F4067B2E1B81CC00A23A2C /* XCRemoteSwiftPackageReference "firebase-ios-sdk" */,
				50F406822E1B833B00A23A2C /* XCRemoteSwiftPackageReference "GoogleSignIn-iOS" */,
				508759EC2E1CE4F400ABAEC6 /* XCRemoteSwiftPackageReference "SDWebImage" */,
				50E989A82E1F85B400C6016C /* XCRemoteSwiftPackageReference "google-api-objectivec-client-for-rest" */,
			);
			productRefGroup = E1A3671B29F9226100A1B03E /* Products */;
			projectDirPath = "";
			projectRoot = "";
			targets = (
				E1A3671929F9226100A1B03E /* SocialNetworkingApp */,
			);
		};
/* End PBXProject section */

/* Begin PBXResourcesBuildPhase section */
		E1A3671829F9226100A1B03E /* Resources */ = {
			isa = PBXResourcesBuildPhase;
			buildActionMask = 2147483647;
			files = (
				506A463E2E376F490073FF87 /* MessageBarView.xib in Resources */,
				509977F62E33892600F82E3E /* Chat.storyboard in Resources */,
				500AB5F02E433A12003AC0DC /* Share.storyboard in Resources */,
				E1A3673229F922E200A1B03E /* Auth.storyboard in Resources */,
				5002B5CF2E2A696500F36A80 /* PostTableViewCell.xib in Resources */,
				500778AA2E44545100BC5501 /* emoji.txt in Resources */,
				E1A3672A29F9226300A1B03E /* LaunchScreen.storyboard in Resources */,
				E1A3672729F9226300A1B03E /* Assets.xcassets in Resources */,
				E1FDD9162A0A50D4006AD0DF /* Colors.xcassets in Resources */,
				50E9C2822E2A46B900DE5544 /* Home.storyboard in Resources */,
				506A46362E3730230073FF87 /* NewChatTableHeaderView.xib in Resources */,
				506A463B2E3758230073FF87 /* NewChatTableViewCell.xib in Resources */,
				5054FECE2E1BA88C004395DF /* Post.storyboard in Resources */,
				E19709B62A84D72100A76B19 /* Poppins-Bold.ttf in Resources */,
				E19709B22A84D71100A76B19 /* Poppins-Regular.ttf in Resources */,
				E19709B82A84D74200A76B19 /* Poppins-Black.ttf in Resources */,
				508759FA2E1D0F2700ABAEC6 /* Splash.storyboard in Resources */,
				E19709B42A84D71800A76B19 /* Poppins-SemiBold.ttf in Resources */,
				5040C20E2E534A1800ED7042 /* pronouns.txt in Resources */,
				50EB94852E3A3720005C1B20 /* sample_video.mp4 in Resources */,
				508524ED2E30A18E002B9E5C /* ChatsTableHeaderView.xib in Resources */,
				50F406882E1B83D300A23A2C /* GoogleService-Info.plist in Resources */,
				5054FED02E1BA897004395DF /* Account.storyboard in Resources */,
				508759F42E1CF3B100ABAEC6 /* Onboarding.storyboard in Resources */,
				50037B652E250E910027149E /* CreateAlertActionSheetView.xib in Resources */,
				504028282E2E203A00F5D4C9 /* Pacifico-Regular.ttf in Resources */,
				E1A3672529F9226100A1B03E /* Main.storyboard in Resources */,
				E19709B02A84D70900A76B19 /* Poppins-Medium.ttf in Resources */,
			);
			runOnlyForDeploymentPostprocessing = 0;
		};
/* End PBXResourcesBuildPhase section */

/* Begin PBXSourcesBuildPhase section */
		E1A3671629F9226100A1B03E /* Sources */ = {
			isa = PBXSourcesBuildPhase;
			buildActionMask = 2147483647;
			files = (
				50F4068A2E1B869000A23A2C /* LoginViewController.swift in Sources */,
				5040C20A2E53267F00ED7042 /* PronounsViewController.swift in Sources */,
				500AB5F62E4383EF003AC0DC /* SelfieShareView.swift in Sources */,
				50A016E32E1BD17A00594A7C /* UploadImageAndPostViewController.swift in Sources */,
				500778A82E4452D400BC5501 /* EmojiPickerViewController.swift in Sources */,
				50F069A72E41C49D00B6D716 /* HorizontalScrollingTextView.swift in Sources */,
				50A0169D2E1BB3FE00594A7C /* TabBarController.swift in Sources */,
				50EB94832E3A18FF005C1B20 /* ChatsListTableViewCell.swift in Sources */,
				506A463C2E3758230073FF87 /* NewChatTableViewCell.swift in Sources */,
				E154F21A2AB1C809000BC44C /* Typography.swift in Sources */,
				5059EBA62E33590C00AFC960 /* ChatDetailViewController.swift in Sources */,
				508759F62E1CF40800ABAEC6 /* OnboardingViewController.swift in Sources */,
				508759EB2E1CDD5100ABAEC6 /* Post.swift in Sources */,
				50BF0F992E25213E00906BBA /* Animations.swift in Sources */,
				50F069AB2E42128800B6D716 /* ShareViewController.swift in Sources */,
				50BAB6322E309165006F3AE5 /* BackButton.swift in Sources */,
				50E9C27E2E2A258D00DE5544 /* ForYouResultsViewController.swift in Sources */,
				5054FECC2E1BA825004395DF /* AccountViewController.swift in Sources */,
				E1FDD9142A0A4FB7006AD0DF /* PrimaryButton.swift in Sources */,
				501804302E2904EE00BF1AEF /* PrimarySegmentedControl.swift in Sources */,
				50037B672E250EF60027149E /* CreateAlertActionSheetView.swift in Sources */,
				50EB066B2E4A16BC001F5E61 /* OptionsViewController.swift in Sources */,
				506A46382E3738EB0073FF87 /* NewChatTableHeaderView.swift in Sources */,
				50211A422E4B6B96000C2164 /* GradientPreset.swift in Sources */,
				504028332E2E66C300F5D4C9 /* AvatarCircleView.swift in Sources */,
				E1A3672229F9226100A1B03E /* ExploreViewController.swift in Sources */,
				507AE8042E3C933900B86D52 /* StoryViewController.swift in Sources */,
				509977F82E33972600F82E3E /* Message.swift in Sources */,
				5018042C2E28D84C00BF1AEF /* UserProfileManager.swift in Sources */,
				50D2BF552E45B462003B6D76 /* CoreDataStack.swift in Sources */,
				50396D3E2E27BC16000E53B7 /* SearchViewController.swift in Sources */,
				5040C2082E52EC4B00ED7042 /* UsernameViewController.swift in Sources */,
				E1A3671E29F9226100A1B03E /* AppDelegate.swift in Sources */,
				5059EBA42E3347B400AFC960 /* ChatManager.swift in Sources */,
				50EB06692E49DAC3001F5E61 /* OvalView.swift in Sources */,
				509977FC2E33A17400F82E3E /* NewChatViewController.swift in Sources */,
				50E9C2802E2A264A00DE5544 /* AccountsResultsViewController.swift in Sources */,
				5002B5C92E2A620100F36A80 /* ExplorePostViewController.swift in Sources */,
				50396D3C2E27A30B000E53B7 /* PostManager.swift in Sources */,
				50DB56EA2E2F8C5D008236AE /* StoryManager.swift in Sources */,
				50E989AC2E1F8FD500C6016C /* EditProfileViewController.swift in Sources */,
				504028312E2E596900F5D4C9 /* RingView.swift in Sources */,
				50A5DEEF2E388EE9001C9D6F /* ChatDetailTableViewCell.swift in Sources */,
				50DB56E62E2F43C3008236AE /* StoryCollectionViewCell.swift in Sources */,
				50BF0F972E251F8C00906BBA /* CreateAlertActionSheetButtton.swift in Sources */,
				5054FEC82E1B9DD8004395DF /* ImageCollectionViewCell.swift in Sources */,
				501804272E28BDA300BF1AEF /* SearchResultProfileTableViewCell.swift in Sources */,
				500AB5F42E4383CB003AC0DC /* EmojiShareView.swift in Sources */,
				50F069A92E41D7C700B6D716 /* BorderView.swift in Sources */,
				508525012E310C8A002B9E5C /* PushTransitionDelegate.swift in Sources */,
				5002B5CE2E2A696500F36A80 /* PostTableViewCell.swift in Sources */,
				500AB5F22E4376F0003AC0DC /* ColorShareView.swift in Sources */,
				509977FA2E33974600F82E3E /* Chat.swift in Sources */,
				50CC29CD2E3B677B007ED579 /* VideoContainerView.swift in Sources */,
				50CC29CF2E3B727F007ED579 /* LikeManager.swift in Sources */,
				E1A3672029F9226100A1B03E /* SceneDelegate.swift in Sources */,
				5018042E2E28FC0E00BF1AEF /* SearchResultsViewController.swift in Sources */,
				50A016E52E1BD54500594A7C /* PostToUpload.swift in Sources */,
				5040C20C2E532B3700ED7042 /* PronounsOptionButton.swift in Sources */,
				503D556B2E4DFC39000876E7 /* Extension+CGPoint.swift in Sources */,
				503D556C2E4DFC39000876E7 /* CALayer+Extension.swift in Sources */,
				503D556D2E4DFC39000876E7 /* UIViewController+Extension.swift in Sources */,
				503D556E2E4DFC39000876E7 /* String+Extension.swift in Sources */,
				503D556F2E4DFC39000876E7 /* UIApplication+Extension.swift in Sources */,
				503D55702E4DFC39000876E7 /* UIView+Extension.swift in Sources */,
				503D55712E4DFC39000876E7 /* UIColor+Extension.swift in Sources */,
				503D55722E4DFC39000876E7 /* UIImage+Extension.swift in Sources */,
				50B46AAE2E1E447A004CC093 /* UserProfile.swift in Sources */,
				50D2BFE72E45EE5C003B6D76 /* UserProfileEntity+CoreDataClass.swift in Sources */,
				50D2BFE82E45EE5C003B6D76 /* UserProfileEntity+CoreDataProperties.swift in Sources */,
				50D2BF582E45B47B003B6D76 /* SocialNetworkingApp.xcdatamodeld in Sources */,
				50FEA7602E1D251F0041C7BF /* UserProfileToUpload.swift in Sources */,
				505318502E4CA67D001715D3 /* QRCodeScannerViewController.swift in Sources */,
				50ABA2092E1FC78A00E44643 /* ProfileDetailEntryButton.swift in Sources */,
				50324E832E26643A00B703C2 /* Like.swift in Sources */,
				50CE41652E3777DB004AA246 /* MessageBarView.swift in Sources */,
				509977F42E33885700F82E3E /* SlideTransitionDelegate.swift in Sources */,
				508524F12E30AC6A002B9E5C /* ChatsListViewController.swift in Sources */,
				500AB5F82E438402003AC0DC /* ImageShareView.swift in Sources */,
				50BAB62E2E3090BE006F3AE5 /* NotificationsViewController.swift in Sources */,
				507AE8062E3CB00300B86D52 /* ScaleTransitionDelegate.swift in Sources */,
				5040282B2E2E2C4500F5D4C9 /* HomeViewController.swift in Sources */,
				50EB06672E49C294001F5E61 /* SelfieRetakeViewController.swift in Sources */,
				5054FECA2E1BA817004395DF /* PostViewController.swift in Sources */,
				50A0172D2E1BFD5E00594A7C /* ImageFileManager.swift in Sources */,
				508524EF2E30A813002B9E5C /* ChatsTableHeaderView.swift in Sources */,
				50037B1F2E2507DD0027149E /* CreateAlertViewController.swift in Sources */,
				508759F82E1D0E7E00ABAEC6 /* SplashViewController.swift in Sources */,
				50DB56E82E2F8909008236AE /* Story.swift in Sources */,
				5004A5E62E40CC5800C4C208 /* BioViewController.swift in Sources */,
			);
			runOnlyForDeploymentPostprocessing = 0;
		};
/* End PBXSourcesBuildPhase section */

/* Begin PBXVariantGroup section */
		E1A3672329F9226100A1B03E /* Main.storyboard */ = {
			isa = PBXVariantGroup;
			children = (
				E1A3672429F9226100A1B03E /* Base */,
			);
			name = Main.storyboard;
			sourceTree = "<group>";
		};
		E1A3672829F9226300A1B03E /* LaunchScreen.storyboard */ = {
			isa = PBXVariantGroup;
			children = (
				E1A3672929F9226300A1B03E /* Base */,
			);
			name = LaunchScreen.storyboard;
			sourceTree = "<group>";
		};
/* End PBXVariantGroup section */

/* Begin XCBuildConfiguration section */
		E1A3672C29F9226300A1B03E /* Debug */ = {
			isa = XCBuildConfiguration;
			buildSettings = {
				ALWAYS_SEARCH_USER_PATHS = NO;
				CLANG_ANALYZER_NONNULL = YES;
				CLANG_ANALYZER_NUMBER_OBJECT_CONVERSION = YES_AGGRESSIVE;
				CLANG_CXX_LANGUAGE_STANDARD = "gnu++20";
				CLANG_ENABLE_MODULES = YES;
				CLANG_ENABLE_OBJC_ARC = YES;
				CLANG_ENABLE_OBJC_WEAK = YES;
				CLANG_WARN_BLOCK_CAPTURE_AUTORELEASING = YES;
				CLANG_WARN_BOOL_CONVERSION = YES;
				CLANG_WARN_COMMA = YES;
				CLANG_WARN_CONSTANT_CONVERSION = YES;
				CLANG_WARN_DEPRECATED_OBJC_IMPLEMENTATIONS = YES;
				CLANG_WARN_DIRECT_OBJC_ISA_USAGE = YES_ERROR;
				CLANG_WARN_DOCUMENTATION_COMMENTS = YES;
				CLANG_WARN_EMPTY_BODY = YES;
				CLANG_WARN_ENUM_CONVERSION = YES;
				CLANG_WARN_INFINITE_RECURSION = YES;
				CLANG_WARN_INT_CONVERSION = YES;
				CLANG_WARN_NON_LITERAL_NULL_CONVERSION = YES;
				CLANG_WARN_OBJC_IMPLICIT_RETAIN_SELF = YES;
				CLANG_WARN_OBJC_LITERAL_CONVERSION = YES;
				CLANG_WARN_OBJC_ROOT_CLASS = YES_ERROR;
				CLANG_WARN_QUOTED_INCLUDE_IN_FRAMEWORK_HEADER = YES;
				CLANG_WARN_RANGE_LOOP_ANALYSIS = YES;
				CLANG_WARN_STRICT_PROTOTYPES = YES;
				CLANG_WARN_SUSPICIOUS_MOVE = YES;
				CLANG_WARN_UNGUARDED_AVAILABILITY = YES_AGGRESSIVE;
				CLANG_WARN_UNREACHABLE_CODE = YES;
				CLANG_WARN__DUPLICATE_METHOD_MATCH = YES;
				COPY_PHASE_STRIP = NO;
				DEBUG_INFORMATION_FORMAT = dwarf;
				DEVELOPMENT_TEAM = RM3A588VVV;
				ENABLE_STRICT_OBJC_MSGSEND = YES;
				ENABLE_TESTABILITY = YES;
				ENABLE_USER_SCRIPT_SANDBOXING = YES;
				GCC_C_LANGUAGE_STANDARD = gnu11;
				GCC_DYNAMIC_NO_PIC = NO;
				GCC_NO_COMMON_BLOCKS = YES;
				GCC_OPTIMIZATION_LEVEL = 0;
				GCC_PREPROCESSOR_DEFINITIONS = (
					"DEBUG=1",
					"$(inherited)",
				);
				GCC_WARN_64_TO_32_BIT_CONVERSION = YES;
				GCC_WARN_ABOUT_RETURN_TYPE = YES_ERROR;
				GCC_WARN_UNDECLARED_SELECTOR = YES;
				GCC_WARN_UNINITIALIZED_AUTOS = YES_AGGRESSIVE;
				GCC_WARN_UNUSED_FUNCTION = YES;
				GCC_WARN_UNUSED_VARIABLE = YES;
				IPHONEOS_DEPLOYMENT_TARGET = 16.2;
				MTL_ENABLE_DEBUG_INFO = INCLUDE_SOURCE;
				MTL_FAST_MATH = YES;
				ONLY_ACTIVE_ARCH = YES;
				SDKROOT = iphoneos;
				SWIFT_ACTIVE_COMPILATION_CONDITIONS = DEBUG;
				SWIFT_OPTIMIZATION_LEVEL = "-Onone";
			};
			name = Debug;
		};
		E1A3672D29F9226300A1B03E /* Release */ = {
			isa = XCBuildConfiguration;
			buildSettings = {
				ALWAYS_SEARCH_USER_PATHS = NO;
				CLANG_ANALYZER_NONNULL = YES;
				CLANG_ANALYZER_NUMBER_OBJECT_CONVERSION = YES_AGGRESSIVE;
				CLANG_CXX_LANGUAGE_STANDARD = "gnu++20";
				CLANG_ENABLE_MODULES = YES;
				CLANG_ENABLE_OBJC_ARC = YES;
				CLANG_ENABLE_OBJC_WEAK = YES;
				CLANG_WARN_BLOCK_CAPTURE_AUTORELEASING = YES;
				CLANG_WARN_BOOL_CONVERSION = YES;
				CLANG_WARN_COMMA = YES;
				CLANG_WARN_CONSTANT_CONVERSION = YES;
				CLANG_WARN_DEPRECATED_OBJC_IMPLEMENTATIONS = YES;
				CLANG_WARN_DIRECT_OBJC_ISA_USAGE = YES_ERROR;
				CLANG_WARN_DOCUMENTATION_COMMENTS = YES;
				CLANG_WARN_EMPTY_BODY = YES;
				CLANG_WARN_ENUM_CONVERSION = YES;
				CLANG_WARN_INFINITE_RECURSION = YES;
				CLANG_WARN_INT_CONVERSION = YES;
				CLANG_WARN_NON_LITERAL_NULL_CONVERSION = YES;
				CLANG_WARN_OBJC_IMPLICIT_RETAIN_SELF = YES;
				CLANG_WARN_OBJC_LITERAL_CONVERSION = YES;
				CLANG_WARN_OBJC_ROOT_CLASS = YES_ERROR;
				CLANG_WARN_QUOTED_INCLUDE_IN_FRAMEWORK_HEADER = YES;
				CLANG_WARN_RANGE_LOOP_ANALYSIS = YES;
				CLANG_WARN_STRICT_PROTOTYPES = YES;
				CLANG_WARN_SUSPICIOUS_MOVE = YES;
				CLANG_WARN_UNGUARDED_AVAILABILITY = YES_AGGRESSIVE;
				CLANG_WARN_UNREACHABLE_CODE = YES;
				CLANG_WARN__DUPLICATE_METHOD_MATCH = YES;
				COPY_PHASE_STRIP = NO;
				DEBUG_INFORMATION_FORMAT = "dwarf-with-dsym";
				DEVELOPMENT_TEAM = RM3A588VVV;
				ENABLE_NS_ASSERTIONS = NO;
				ENABLE_STRICT_OBJC_MSGSEND = YES;
				ENABLE_USER_SCRIPT_SANDBOXING = YES;
				GCC_C_LANGUAGE_STANDARD = gnu11;
				GCC_NO_COMMON_BLOCKS = YES;
				GCC_WARN_64_TO_32_BIT_CONVERSION = YES;
				GCC_WARN_ABOUT_RETURN_TYPE = YES_ERROR;
				GCC_WARN_UNDECLARED_SELECTOR = YES;
				GCC_WARN_UNINITIALIZED_AUTOS = YES_AGGRESSIVE;
				GCC_WARN_UNUSED_FUNCTION = YES;
				GCC_WARN_UNUSED_VARIABLE = YES;
				IPHONEOS_DEPLOYMENT_TARGET = 16.2;
				MTL_ENABLE_DEBUG_INFO = NO;
				MTL_FAST_MATH = YES;
				SDKROOT = iphoneos;
				SWIFT_COMPILATION_MODE = wholemodule;
				SWIFT_OPTIMIZATION_LEVEL = "-O";
				VALIDATE_PRODUCT = YES;
			};
			name = Release;
		};
		E1A3672F29F9226300A1B03E /* Debug */ = {
			isa = XCBuildConfiguration;
			buildSettings = {
				ASSETCATALOG_COMPILER_APPICON_NAME = AppIcon;
				ASSETCATALOG_COMPILER_GLOBAL_ACCENT_COLOR_NAME = AccentColor;
				CODE_SIGN_IDENTITY = "Apple Development";
				CODE_SIGN_STYLE = Automatic;
				CURRENT_PROJECT_VERSION = 1;
				DEVELOPMENT_TEAM = RM3A588VVV;
				GENERATE_INFOPLIST_FILE = YES;
				INFOPLIST_FILE = SocialNetworkingApp/Info.plist;
				INFOPLIST_KEY_LSApplicationCategoryType = "public.app-category.social-networking";
				INFOPLIST_KEY_NSCameraUsageDescription = "SocialApp would like access to your camera in order to create posts";
				INFOPLIST_KEY_NSPhotoLibraryUsageDescription = "SocialApp would like access to your photo library in order to create posts";
				INFOPLIST_KEY_UIApplicationSupportsIndirectInputEvents = YES;
				INFOPLIST_KEY_UILaunchStoryboardName = LaunchScreen;
				INFOPLIST_KEY_UIMainStoryboardFile = Main;
				INFOPLIST_KEY_UISupportedInterfaceOrientations = UIInterfaceOrientationPortrait;
				INFOPLIST_KEY_UISupportedInterfaceOrientations_iPad = "UIInterfaceOrientationLandscapeLeft UIInterfaceOrientationLandscapeRight UIInterfaceOrientationPortrait UIInterfaceOrientationPortraitUpsideDown";
				LD_RUNPATH_SEARCH_PATHS = (
					"$(inherited)",
					"@executable_path/Frameworks",
				);
				MARKETING_VERSION = 1.0;
				PRODUCT_BUNDLE_IDENTIFIER = com.philipsUIKItTraining.SocialNetworkingApp;
				PRODUCT_NAME = "$(TARGET_NAME)";
				PROVISIONING_PROFILE_SPECIFIER = "";
				SUPPORTED_PLATFORMS = "iphoneos iphonesimulator";
				SUPPORTS_MACCATALYST = NO;
				SUPPORTS_MAC_DESIGNED_FOR_IPHONE_IPAD = NO;
				SUPPORTS_XR_DESIGNED_FOR_IPHONE_IPAD = NO;
				SWIFT_EMIT_LOC_STRINGS = YES;
				SWIFT_VERSION = 5.0;
				TARGETED_DEVICE_FAMILY = 1;
			};
			name = Debug;
		};
		E1A3673029F9226300A1B03E /* Release */ = {
			isa = XCBuildConfiguration;
			buildSettings = {
				ASSETCATALOG_COMPILER_APPICON_NAME = AppIcon;
				ASSETCATALOG_COMPILER_GLOBAL_ACCENT_COLOR_NAME = AccentColor;
				CODE_SIGN_IDENTITY = "Apple Development";
				CODE_SIGN_STYLE = Automatic;
				CURRENT_PROJECT_VERSION = 1;
				DEVELOPMENT_TEAM = RM3A588VVV;
				GENERATE_INFOPLIST_FILE = YES;
				INFOPLIST_FILE = SocialNetworkingApp/Info.plist;
				INFOPLIST_KEY_LSApplicationCategoryType = "public.app-category.social-networking";
				INFOPLIST_KEY_NSCameraUsageDescription = "SocialApp would like access to your camera in order to create posts";
				INFOPLIST_KEY_NSPhotoLibraryUsageDescription = "SocialApp would like access to your photo library in order to create posts";
				INFOPLIST_KEY_UIApplicationSupportsIndirectInputEvents = YES;
				INFOPLIST_KEY_UILaunchStoryboardName = LaunchScreen;
				INFOPLIST_KEY_UIMainStoryboardFile = Main;
				INFOPLIST_KEY_UISupportedInterfaceOrientations = UIInterfaceOrientationPortrait;
				INFOPLIST_KEY_UISupportedInterfaceOrientations_iPad = "UIInterfaceOrientationLandscapeLeft UIInterfaceOrientationLandscapeRight UIInterfaceOrientationPortrait UIInterfaceOrientationPortraitUpsideDown";
				LD_RUNPATH_SEARCH_PATHS = (
					"$(inherited)",
					"@executable_path/Frameworks",
				);
				MARKETING_VERSION = 1.0;
				PRODUCT_BUNDLE_IDENTIFIER = com.philipsUIKItTraining.SocialNetworkingApp;
				PRODUCT_NAME = "$(TARGET_NAME)";
				PROVISIONING_PROFILE_SPECIFIER = "";
				SUPPORTED_PLATFORMS = "iphoneos iphonesimulator";
				SUPPORTS_MACCATALYST = NO;
				SUPPORTS_MAC_DESIGNED_FOR_IPHONE_IPAD = NO;
				SUPPORTS_XR_DESIGNED_FOR_IPHONE_IPAD = NO;
				SWIFT_EMIT_LOC_STRINGS = YES;
				SWIFT_VERSION = 5.0;
				TARGETED_DEVICE_FAMILY = 1;
			};
			name = Release;
		};
/* End XCBuildConfiguration section */

/* Begin XCConfigurationList section */
		E1A3671529F9226100A1B03E /* Build configuration list for PBXProject "SocialNetworkingApp" */ = {
			isa = XCConfigurationList;
			buildConfigurations = (
				E1A3672C29F9226300A1B03E /* Debug */,
				E1A3672D29F9226300A1B03E /* Release */,
			);
			defaultConfigurationIsVisible = 0;
			defaultConfigurationName = Release;
		};
		E1A3672E29F9226300A1B03E /* Build configuration list for PBXNativeTarget "SocialNetworkingApp" */ = {
			isa = XCConfigurationList;
			buildConfigurations = (
				E1A3672F29F9226300A1B03E /* Debug */,
				E1A3673029F9226300A1B03E /* Release */,
			);
			defaultConfigurationIsVisible = 0;
			defaultConfigurationName = Release;
		};
/* End XCConfigurationList section */

/* Begin XCRemoteSwiftPackageReference section */
		508759EC2E1CE4F400ABAEC6 /* XCRemoteSwiftPackageReference "SDWebImage" */ = {
			isa = XCRemoteSwiftPackageReference;
			repositoryURL = "https://github.com/SDWebImage/SDWebImage";
			requirement = {
				kind = upToNextMajorVersion;
				minimumVersion = 5.21.1;
			};
		};
		50E989A82E1F85B400C6016C /* XCRemoteSwiftPackageReference "google-api-objectivec-client-for-rest" */ = {
			isa = XCRemoteSwiftPackageReference;
			repositoryURL = "https://github.com/google/google-api-objectivec-client-for-rest.git";
			requirement = {
				branch = main;
				kind = branch;
			};
		};
		50F4067B2E1B81CC00A23A2C /* XCRemoteSwiftPackageReference "firebase-ios-sdk" */ = {
			isa = XCRemoteSwiftPackageReference;
			repositoryURL = "https://github.com/firebase/firebase-ios-sdk";
			requirement = {
				kind = upToNextMajorVersion;
				minimumVersion = 11.15.0;
			};
		};
		50F406822E1B833B00A23A2C /* XCRemoteSwiftPackageReference "GoogleSignIn-iOS" */ = {
			isa = XCRemoteSwiftPackageReference;
			repositoryURL = "https://github.com/google/GoogleSignIn-iOS";
			requirement = {
				kind = upToNextMajorVersion;
				minimumVersion = 8.0.0;
			};
		};
/* End XCRemoteSwiftPackageReference section */

/* Begin XCSwiftPackageProductDependency section */
		508759ED2E1CE4F400ABAEC6 /* SDWebImage */ = {
			isa = XCSwiftPackageProductDependency;
			package = 508759EC2E1CE4F400ABAEC6 /* XCRemoteSwiftPackageReference "SDWebImage" */;
			productName = SDWebImage;
		};
		508759EF2E1CE4F400ABAEC6 /* SDWebImageMapKit */ = {
			isa = XCSwiftPackageProductDependency;
			package = 508759EC2E1CE4F400ABAEC6 /* XCRemoteSwiftPackageReference "SDWebImage" */;
			productName = SDWebImageMapKit;
		};
		50E989A92E1F85B400C6016C /* GoogleAPIClientForREST_Drive */ = {
			isa = XCSwiftPackageProductDependency;
			package = 50E989A82E1F85B400C6016C /* XCRemoteSwiftPackageReference "google-api-objectivec-client-for-rest" */;
			productName = GoogleAPIClientForREST_Drive;
		};
		50F4067C2E1B81CC00A23A2C /* FirebaseAuth */ = {
			isa = XCSwiftPackageProductDependency;
			package = 50F4067B2E1B81CC00A23A2C /* XCRemoteSwiftPackageReference "firebase-ios-sdk" */;
			productName = FirebaseAuth;
		};
		50F4067E2E1B81CC00A23A2C /* FirebaseFirestore */ = {
			isa = XCSwiftPackageProductDependency;
			package = 50F4067B2E1B81CC00A23A2C /* XCRemoteSwiftPackageReference "firebase-ios-sdk" */;
			productName = FirebaseFirestore;
		};
		50F406802E1B81CC00A23A2C /* FirebaseStorage */ = {
			isa = XCSwiftPackageProductDependency;
			package = 50F4067B2E1B81CC00A23A2C /* XCRemoteSwiftPackageReference "firebase-ios-sdk" */;
			productName = FirebaseStorage;
		};
		50F406832E1B833B00A23A2C /* GoogleSignIn */ = {
			isa = XCSwiftPackageProductDependency;
			package = 50F406822E1B833B00A23A2C /* XCRemoteSwiftPackageReference "GoogleSignIn-iOS" */;
			productName = GoogleSignIn;
		};
		50F406852E1B833B00A23A2C /* GoogleSignInSwift */ = {
			isa = XCSwiftPackageProductDependency;
			package = 50F406822E1B833B00A23A2C /* XCRemoteSwiftPackageReference "GoogleSignIn-iOS" */;
			productName = GoogleSignInSwift;
		};
/* End XCSwiftPackageProductDependency section */

/* Begin XCVersionGroup section */
		50D2BF562E45B47B003B6D76 /* SocialNetworkingApp.xcdatamodeld */ = {
			isa = XCVersionGroup;
			children = (
				50D2BF572E45B47B003B6D76 /* SocialNetworkingApp.xcdatamodel */,
			);
			currentVersion = 50D2BF572E45B47B003B6D76 /* SocialNetworkingApp.xcdatamodel */;
			path = SocialNetworkingApp.xcdatamodeld;
			sourceTree = "<group>";
			versionGroupType = wrapper.xcdatamodel;
		};
/* End XCVersionGroup section */
	};
	rootObject = E1A3671229F9226100A1B03E /* Project object */;
}
